// !$*UTF8*$!
{
	archiveVersion = 1;
	classes = {
	};
	objectVersion = 46;
	objects = {

/* Begin PBXBuildFile section */
		2ECC234B6EBAC97F3443DE0D /* Pods_CNodeJS.framework in Frameworks */ = {isa = PBXBuildFile; fileRef = 4FEBBC4C45108FCCED66B466 /* Pods_CNodeJS.framework */; };
		962548A019F7B5B500F45539 /* ReplyTableViewCell.swift in Sources */ = {isa = PBXBuildFile; fileRef = 9625489F19F7B5B500F45539 /* ReplyTableViewCell.swift */; };
		96A31A3719F4D4B1004E6941 /* HomeViewController.swift in Sources */ = {isa = PBXBuildFile; fileRef = 96A31A3619F4D4B1004E6941 /* HomeViewController.swift */; };
		96A31A3919F4DA5D004E6941 /* Color.swift in Sources */ = {isa = PBXBuildFile; fileRef = 96A31A3819F4DA5D004E6941 /* Color.swift */; };
		96A31A3C19F4E323004E6941 /* ArrayDataSource.swift in Sources */ = {isa = PBXBuildFile; fileRef = 96A31A3B19F4E323004E6941 /* ArrayDataSource.swift */; };
		96A31A3E19F4F369004E6941 /* TopicModel.swift in Sources */ = {isa = PBXBuildFile; fileRef = 96A31A3D19F4F369004E6941 /* TopicModel.swift */; };
		96A31A4019F4FAB3004E6941 /* TopicStore.swift in Sources */ = {isa = PBXBuildFile; fileRef = 96A31A3F19F4FAB3004E6941 /* TopicStore.swift */; };
		96A468A319F7EDFE00450992 /* HUDTool.swift in Sources */ = {isa = PBXBuildFile; fileRef = 96A468A219F7EDFE00450992 /* HUDTool.swift */; };
		96A86A7B19F6507C003B43C9 /* DetailViewController.swift in Sources */ = {isa = PBXBuildFile; fileRef = 96A86A7A19F6507C003B43C9 /* DetailViewController.swift */; };
		96A86A8019F65FDB003B43C9 /* API.swift in Sources */ = {isa = PBXBuildFile; fileRef = 96A86A7F19F65FDB003B43C9 /* API.swift */; };
		96A88EC619F77C3E0028D204 /* LaunchScreen.xib in Resources */ = {isa = PBXBuildFile; fileRef = 96A88EC419F77C3E0028D204 /* LaunchScreen.xib */; };
		96A88EC819F77C4D0028D204 /* Images.xcassets in Resources */ = {isa = PBXBuildFile; fileRef = 96A88EC719F77C4D0028D204 /* Images.xcassets */; };
		96BCCF9819F55A27003A7AB5 /* TopicTableViewCell.swift in Sources */ = {isa = PBXBuildFile; fileRef = 96BCCF9719F55A27003A7AB5 /* TopicTableViewCell.swift */; };
		96BCCF9B19F55C88003A7AB5 /* ConvertTool.swift in Sources */ = {isa = PBXBuildFile; fileRef = 96BCCF9A19F55C88003A7AB5 /* ConvertTool.swift */; };
		96C8CCDA19F4B515000EB59E /* AppDelegate.swift in Sources */ = {isa = PBXBuildFile; fileRef = 96C8CCD919F4B515000EB59E /* AppDelegate.swift */; };
		96C8CCDF19F4B515000EB59E /* Main.storyboard in Resources */ = {isa = PBXBuildFile; fileRef = 96C8CCDD19F4B515000EB59E /* Main.storyboard */; };
		A09B62DB1C72F2EF00536CB5 /* Podfile in Resources */ = {isa = PBXBuildFile; fileRef = A09B62DA1C72F2EF00536CB5 /* Podfile */; };
		A0C2A7871C72FB360071B111 /* UIKit.framework in Frameworks */ = {isa = PBXBuildFile; fileRef = A0C2A7861C72FB360071B111 /* UIKit.framework */; };
		A0C2A7891C72FB3C0071B111 /* Foundation.framework in Frameworks */ = {isa = PBXBuildFile; fileRef = A0C2A7881C72FB3C0071B111 /* Foundation.framework */; };
		A0C2A78C1C72FD1B0071B111 /* Alamofire-SwiftyJSON.swift in Sources */ = {isa = PBXBuildFile; fileRef = A0C2A78B1C72FD1B0071B111 /* Alamofire-SwiftyJSON.swift */; };
/* End PBXBuildFile section */

/* Begin PBXCopyFilesBuildPhase section */
		96A86A6A19F64D2B003B43C9 /* CopyFiles */ = {
			isa = PBXCopyFilesBuildPhase;
			buildActionMask = 2147483647;
			dstPath = "";
			dstSubfolderSpec = 10;
			files = (
			);
			runOnlyForDeploymentPostprocessing = 0;
		};
/* End PBXCopyFilesBuildPhase section */

/* Begin PBXFileReference section */
		4FEBBC4C45108FCCED66B466 /* Pods_CNodeJS.framework */ = {isa = PBXFileReference; explicitFileType = wrapper.framework; includeInIndex = 0; path = Pods_CNodeJS.framework; sourceTree = BUILT_PRODUCTS_DIR; };
		9625489F19F7B5B500F45539 /* ReplyTableViewCell.swift */ = {isa = PBXFileReference; fileEncoding = 4; lastKnownFileType = sourcecode.swift; path = ReplyTableViewCell.swift; sourceTree = "<group>"; };
		96A31A3619F4D4B1004E6941 /* HomeViewController.swift */ = {isa = PBXFileReference; fileEncoding = 4; lastKnownFileType = sourcecode.swift; path = HomeViewController.swift; sourceTree = "<group>"; };
		96A31A3819F4DA5D004E6941 /* Color.swift */ = {isa = PBXFileReference; fileEncoding = 4; lastKnownFileType = sourcecode.swift; path = Color.swift; sourceTree = "<group>"; };
		96A31A3B19F4E323004E6941 /* ArrayDataSource.swift */ = {isa = PBXFileReference; fileEncoding = 4; lastKnownFileType = sourcecode.swift; path = ArrayDataSource.swift; sourceTree = "<group>"; };
		96A31A3D19F4F369004E6941 /* TopicModel.swift */ = {isa = PBXFileReference; fileEncoding = 4; lastKnownFileType = sourcecode.swift; path = TopicModel.swift; sourceTree = "<group>"; };
		96A31A3F19F4FAB3004E6941 /* TopicStore.swift */ = {isa = PBXFileReference; fileEncoding = 4; lastKnownFileType = sourcecode.swift; path = TopicStore.swift; sourceTree = "<group>"; };
		96A468A219F7EDFE00450992 /* HUDTool.swift */ = {isa = PBXFileReference; fileEncoding = 4; lastKnownFileType = sourcecode.swift; path = HUDTool.swift; sourceTree = "<group>"; };
		96A86A7A19F6507C003B43C9 /* DetailViewController.swift */ = {isa = PBXFileReference; fileEncoding = 4; lastKnownFileType = sourcecode.swift; path = DetailViewController.swift; sourceTree = "<group>"; };
		96A86A7F19F65FDB003B43C9 /* API.swift */ = {isa = PBXFileReference; fileEncoding = 4; lastKnownFileType = sourcecode.swift; path = API.swift; sourceTree = "<group>"; };
		96A88EC519F77C3E0028D204 /* Base */ = {isa = PBXFileReference; lastKnownFileType = file.xib; name = Base; path = Base.lproj/LaunchScreen.xib; sourceTree = "<group>"; };
		96A88EC719F77C4D0028D204 /* Images.xcassets */ = {isa = PBXFileReference; lastKnownFileType = folder.assetcatalog; path = Images.xcassets; sourceTree = "<group>"; };
		96BCCF9719F55A27003A7AB5 /* TopicTableViewCell.swift */ = {isa = PBXFileReference; fileEncoding = 4; lastKnownFileType = sourcecode.swift; path = TopicTableViewCell.swift; sourceTree = "<group>"; };
		96BCCF9A19F55C88003A7AB5 /* ConvertTool.swift */ = {isa = PBXFileReference; fileEncoding = 4; lastKnownFileType = sourcecode.swift; path = ConvertTool.swift; sourceTree = "<group>"; };
		96C8CCD419F4B515000EB59E /* CNodeJS.app */ = {isa = PBXFileReference; explicitFileType = wrapper.application; includeInIndex = 0; path = CNodeJS.app; sourceTree = BUILT_PRODUCTS_DIR; };
		96C8CCD819F4B515000EB59E /* Info.plist */ = {isa = PBXFileReference; lastKnownFileType = text.plist.xml; path = Info.plist; sourceTree = "<group>"; };
		96C8CCD919F4B515000EB59E /* AppDelegate.swift */ = {isa = PBXFileReference; lastKnownFileType = sourcecode.swift; path = AppDelegate.swift; sourceTree = "<group>"; };
		96C8CCDE19F4B515000EB59E /* Base */ = {isa = PBXFileReference; lastKnownFileType = file.storyboard; name = Base; path = Base.lproj/Main.storyboard; sourceTree = "<group>"; };
		96C8CCEE19F4B515000EB59E /* Info.plist */ = {isa = PBXFileReference; lastKnownFileType = text.plist.xml; path = Info.plist; sourceTree = "<group>"; };
		96C8CCEF19F4B515000EB59E /* CNodeJSTests.swift */ = {isa = PBXFileReference; lastKnownFileType = sourcecode.swift; path = CNodeJSTests.swift; sourceTree = "<group>"; };
		A09B62DA1C72F2EF00536CB5 /* Podfile */ = {isa = PBXFileReference; fileEncoding = 4; lastKnownFileType = text; path = Podfile; sourceTree = "<group>"; };
		A0C2A7861C72FB360071B111 /* UIKit.framework */ = {isa = PBXFileReference; lastKnownFileType = wrapper.framework; name = UIKit.framework; path = System/Library/Frameworks/UIKit.framework; sourceTree = SDKROOT; };
		A0C2A7881C72FB3C0071B111 /* Foundation.framework */ = {isa = PBXFileReference; lastKnownFileType = wrapper.framework; name = Foundation.framework; path = System/Library/Frameworks/Foundation.framework; sourceTree = SDKROOT; };
		A0C2A78B1C72FD1B0071B111 /* Alamofire-SwiftyJSON.swift */ = {isa = PBXFileReference; fileEncoding = 4; lastKnownFileType = sourcecode.swift; path = "Alamofire-SwiftyJSON.swift"; sourceTree = "<group>"; };
		AAF1ED674C4C519B55B0288A /* Pods-CNodeJS.release.xcconfig */ = {isa = PBXFileReference; includeInIndex = 1; lastKnownFileType = text.xcconfig; name = "Pods-CNodeJS.release.xcconfig"; path = "Pods/Target Support Files/Pods-CNodeJS/Pods-CNodeJS.release.xcconfig"; sourceTree = "<group>"; };
		BAED55755843B607F5BC250F /* Pods-CNodeJS.debug.xcconfig */ = {isa = PBXFileReference; includeInIndex = 1; lastKnownFileType = text.xcconfig; name = "Pods-CNodeJS.debug.xcconfig"; path = "Pods/Target Support Files/Pods-CNodeJS/Pods-CNodeJS.debug.xcconfig"; sourceTree = "<group>"; };
/* End PBXFileReference section */

/* Begin PBXFrameworksBuildPhase section */
		96C8CCD119F4B515000EB59E /* Frameworks */ = {
			isa = PBXFrameworksBuildPhase;
			buildActionMask = 2147483647;
			files = (
				A0C2A7891C72FB3C0071B111 /* Foundation.framework in Frameworks */,
				A0C2A7871C72FB360071B111 /* UIKit.framework in Frameworks */,
				2ECC234B6EBAC97F3443DE0D /* Pods_CNodeJS.framework in Frameworks */,
			);
			runOnlyForDeploymentPostprocessing = 0;
		};
/* End PBXFrameworksBuildPhase section */

/* Begin PBXGroup section */
		5A32948581348B102A50CD95 /* Pods */ = {
			isa = PBXGroup;
			children = (
				BAED55755843B607F5BC250F /* Pods-CNodeJS.debug.xcconfig */,
				AAF1ED674C4C519B55B0288A /* Pods-CNodeJS.release.xcconfig */,
			);
			name = Pods;
			sourceTree = "<group>";
		};
		768DFC5483EA2AEF02AEB4EA /* Frameworks */ = {
			isa = PBXGroup;
			children = (
				A0C2A7881C72FB3C0071B111 /* Foundation.framework */,
				A0C2A7861C72FB360071B111 /* UIKit.framework */,
				4FEBBC4C45108FCCED66B466 /* Pods_CNodeJS.framework */,
			);
			name = Frameworks;
			sourceTree = "<group>";
		};
		96A31A3519F4D49A004E6941 /* Home */ = {
			isa = PBXGroup;
			children = (
				96A31A3619F4D4B1004E6941 /* HomeViewController.swift */,
			);
			path = Home;
			sourceTree = "<group>";
		};
		96A31A3A19F4E304004E6941 /* Class */ = {
			isa = PBXGroup;
			children = (
				96A31A3B19F4E323004E6941 /* ArrayDataSource.swift */,
			);
			path = Class;
			sourceTree = "<group>";
		};
		96A88EC119F77C260028D204 /* Resources */ = {
			isa = PBXGroup;
			children = (
				96A88EC419F77C3E0028D204 /* LaunchScreen.xib */,
				96A88EC719F77C4D0028D204 /* Images.xcassets */,
			);
			path = Resources;
			sourceTree = "<group>";
		};
		96C8CCCB19F4B515000EB59E = {
			isa = PBXGroup;
			children = (
				A09B62DA1C72F2EF00536CB5 /* Podfile */,
				96C8CCD619F4B515000EB59E /* CNodeJS */,
				96C8CCEC19F4B515000EB59E /* CNodeJSTests */,
				96C8CCD519F4B515000EB59E /* Products */,
				5A32948581348B102A50CD95 /* Pods */,
				768DFC5483EA2AEF02AEB4EA /* Frameworks */,
			);
			sourceTree = "<group>";
		};
		96C8CCD519F4B515000EB59E /* Products */ = {
			isa = PBXGroup;
			children = (
				96C8CCD419F4B515000EB59E /* CNodeJS.app */,
			);
			name = Products;
			sourceTree = "<group>";
		};
		96C8CCD619F4B515000EB59E /* CNodeJS */ = {
			isa = PBXGroup;
			children = (
				96C8CCD919F4B515000EB59E /* AppDelegate.swift */,
				96C8CCDD19F4B515000EB59E /* Main.storyboard */,
				96C8CCFC19F4B5B0000EB59E /* Sections */,
				96C8CCF919F4B5B0000EB59E /* General */,
				96C8CCFB19F4B5B0000EB59E /* Models */,
				96C8CCFD19F4B5B0000EB59E /* Tools */,
				96C8CD0519F4BCB7000EB59E /* Macro */,
				96C8CCFE19F4B5B0000EB59E /* Vendors */,
				96A88EC119F77C260028D204 /* Resources */,
				96C8CCD719F4B515000EB59E /* Supporting Files */,
			);
			path = CNodeJS;
			sourceTree = "<group>";
		};
		96C8CCD719F4B515000EB59E /* Supporting Files */ = {
			isa = PBXGroup;
			children = (
				96C8CCD819F4B515000EB59E /* Info.plist */,
			);
			name = "Supporting Files";
			sourceTree = "<group>";
		};
		96C8CCEC19F4B515000EB59E /* CNodeJSTests */ = {
			isa = PBXGroup;
			children = (
				96C8CCEF19F4B515000EB59E /* CNodeJSTests.swift */,
				96C8CCED19F4B515000EB59E /* Supporting Files */,
			);
			path = CNodeJSTests;
			sourceTree = "<group>";
		};
		96C8CCED19F4B515000EB59E /* Supporting Files */ = {
			isa = PBXGroup;
			children = (
				96C8CCEE19F4B515000EB59E /* Info.plist */,
			);
			name = "Supporting Files";
			sourceTree = "<group>";
		};
		96C8CCF919F4B5B0000EB59E /* General */ = {
			isa = PBXGroup;
			children = (
				A0C2A78A1C72FD1B0071B111 /* Extension */,
				96A31A3A19F4E304004E6941 /* Class */,
				96C8CCFA19F4B5B0000EB59E /* View */,
			);
			path = General;
			sourceTree = "<group>";
		};
		96C8CCFA19F4B5B0000EB59E /* View */ = {
			isa = PBXGroup;
			children = (
				96BCCF9719F55A27003A7AB5 /* TopicTableViewCell.swift */,
				9625489F19F7B5B500F45539 /* ReplyTableViewCell.swift */,
			);
			path = View;
			sourceTree = "<group>";
		};
		96C8CCFB19F4B5B0000EB59E /* Models */ = {
			isa = PBXGroup;
			children = (
				96A31A3D19F4F369004E6941 /* TopicModel.swift */,
				96A31A3F19F4FAB3004E6941 /* TopicStore.swift */,
			);
			path = Models;
			sourceTree = "<group>";
		};
		96C8CCFC19F4B5B0000EB59E /* Sections */ = {
			isa = PBXGroup;
			children = (
				96A31A3519F4D49A004E6941 /* Home */,
				96C8CD0719F4BD53000EB59E /* Detail */,
				96C8CD0919F4BD53000EB59E /* Mine */,
			);
			path = Sections;
			sourceTree = "<group>";
		};
		96C8CCFD19F4B5B0000EB59E /* Tools */ = {
			isa = PBXGroup;
			children = (
				96BCCF9A19F55C88003A7AB5 /* ConvertTool.swift */,
				96A468A219F7EDFE00450992 /* HUDTool.swift */,
			);
			path = Tools;
			sourceTree = "<group>";
		};
		96C8CCFE19F4B5B0000EB59E /* Vendors */ = {
			isa = PBXGroup;
			children = (
			);
			path = Vendors;
			sourceTree = "<group>";
		};
		96C8CD0519F4BCB7000EB59E /* Macro */ = {
			isa = PBXGroup;
			children = (
				96A31A3819F4DA5D004E6941 /* Color.swift */,
				96A86A7F19F65FDB003B43C9 /* API.swift */,
			);
			path = Macro;
			sourceTree = "<group>";
		};
		96C8CD0719F4BD53000EB59E /* Detail */ = {
			isa = PBXGroup;
			children = (
				96A86A7A19F6507C003B43C9 /* DetailViewController.swift */,
			);
			path = Detail;
			sourceTree = "<group>";
		};
		96C8CD0919F4BD53000EB59E /* Mine */ = {
			isa = PBXGroup;
			children = (
			);
			path = Mine;
			sourceTree = "<group>";
		};
		A0C2A78A1C72FD1B0071B111 /* Extension */ = {
			isa = PBXGroup;
			children = (
				A0C2A78B1C72FD1B0071B111 /* Alamofire-SwiftyJSON.swift */,
			);
			path = Extension;
			sourceTree = "<group>";
		};
/* End PBXGroup section */

/* Begin PBXNativeTarget section */
		96C8CCD319F4B515000EB59E /* CNodeJS */ = {
			isa = PBXNativeTarget;
			buildConfigurationList = 96C8CCF319F4B515000EB59E /* Build configuration list for PBXNativeTarget "CNodeJS" */;
			buildPhases = (
				4F46EB5C492BA042916419D0 /* Check Pods Manifest.lock */,
				96C8CCD019F4B515000EB59E /* Sources */,
				96C8CCD119F4B515000EB59E /* Frameworks */,
				96C8CCD219F4B515000EB59E /* Resources */,
				96A86A6A19F64D2B003B43C9 /* CopyFiles */,
				EB39A87032ADCE24369FAD55 /* Embed Pods Frameworks */,
				F10DDC5D3D8ED6EE52B1011E /* Copy Pods Resources */,
			);
			buildRules = (
			);
			dependencies = (
			);
			name = CNodeJS;
			productName = CNodeJS;
			productReference = 96C8CCD419F4B515000EB59E /* CNodeJS.app */;
			productType = "com.apple.product-type.application";
		};
/* End PBXNativeTarget section */

/* Begin PBXProject section */
		96C8CCCC19F4B515000EB59E /* Project object */ = {
			isa = PBXProject;
			attributes = {
				LastSwiftMigration = 0710;
				LastSwiftUpdateCheck = 0710;
				LastUpgradeCheck = 0710;
				ORGANIZATIONNAME = why;
				TargetAttributes = {
					96C8CCD319F4B515000EB59E = {
						CreatedOnToolsVersion = 6.1;
						DevelopmentTeam = YKZVGCKFL7;
					};
				};
			};
			buildConfigurationList = 96C8CCCF19F4B515000EB59E /* Build configuration list for PBXProject "CNodeJS" */;
			compatibilityVersion = "Xcode 3.2";
			developmentRegion = English;
			hasScannedForEncodings = 0;
			knownRegions = (
				en,
				Base,
			);
			mainGroup = 96C8CCCB19F4B515000EB59E;
			productRefGroup = 96C8CCD519F4B515000EB59E /* Products */;
			projectDirPath = "";
			projectRoot = "";
			targets = (
				96C8CCD319F4B515000EB59E /* CNodeJS */,
			);
		};
/* End PBXProject section */

/* Begin PBXResourcesBuildPhase section */
		96C8CCD219F4B515000EB59E /* Resources */ = {
			isa = PBXResourcesBuildPhase;
			buildActionMask = 2147483647;
			files = (
				96A88EC819F77C4D0028D204 /* Images.xcassets in Resources */,
				96A88EC619F77C3E0028D204 /* LaunchScreen.xib in Resources */,
				A09B62DB1C72F2EF00536CB5 /* Podfile in Resources */,
				96C8CCDF19F4B515000EB59E /* Main.storyboard in Resources */,
			);
			runOnlyForDeploymentPostprocessing = 0;
		};
/* End PBXResourcesBuildPhase section */

/* Begin PBXShellScriptBuildPhase section */
		4F46EB5C492BA042916419D0 /* Check Pods Manifest.lock */ = {
			isa = PBXShellScriptBuildPhase;
			buildActionMask = 2147483647;
			files = (
			);
			inputPaths = (
			);
			name = "Check Pods Manifest.lock";
			outputPaths = (
			);
			runOnlyForDeploymentPostprocessing = 0;
			shellPath = /bin/sh;
			shellScript = "diff \"${PODS_ROOT}/../Podfile.lock\" \"${PODS_ROOT}/Manifest.lock\" > /dev/null\nif [[ $? != 0 ]] ; then\n    cat << EOM\nerror: The sandbox is not in sync with the Podfile.lock. Run 'pod install' or update your CocoaPods installation.\nEOM\n    exit 1\nfi\n";
			showEnvVarsInLog = 0;
		};
		EB39A87032ADCE24369FAD55 /* Embed Pods Frameworks */ = {
			isa = PBXShellScriptBuildPhase;
			buildActionMask = 2147483647;
			files = (
			);
			inputPaths = (
			);
			name = "Embed Pods Frameworks";
			outputPaths = (
			);
			runOnlyForDeploymentPostprocessing = 0;
			shellPath = /bin/sh;
			shellScript = "\"${SRCROOT}/Pods/Target Support Files/Pods-CNodeJS/Pods-CNodeJS-frameworks.sh\"\n";
			showEnvVarsInLog = 0;
		};
		F10DDC5D3D8ED6EE52B1011E /* Copy Pods Resources */ = {
			isa = PBXShellScriptBuildPhase;
			buildActionMask = 2147483647;
			files = (
			);
			inputPaths = (
			);
			name = "Copy Pods Resources";
			outputPaths = (
			);
			runOnlyForDeploymentPostprocessing = 0;
			shellPath = /bin/sh;
			shellScript = "\"${SRCROOT}/Pods/Target Support Files/Pods-CNodeJS/Pods-CNodeJS-resources.sh\"\n";
			showEnvVarsInLog = 0;
		};
/* End PBXShellScriptBuildPhase section */

/* Begin PBXSourcesBuildPhase section */
		96C8CCD019F4B515000EB59E /* Sources */ = {
			isa = PBXSourcesBuildPhase;
			buildActionMask = 2147483647;
			files = (
				96A468A319F7EDFE00450992 /* HUDTool.swift in Sources */,
				96A86A8019F65FDB003B43C9 /* API.swift in Sources */,
				96A31A3C19F4E323004E6941 /* ArrayDataSource.swift in Sources */,
				962548A019F7B5B500F45539 /* ReplyTableViewCell.swift in Sources */,
				A0C2A78C1C72FD1B0071B111 /* Alamofire-SwiftyJSON.swift in Sources */,
				96BCCF9B19F55C88003A7AB5 /* ConvertTool.swift in Sources */,
				96C8CCDA19F4B515000EB59E /* AppDelegate.swift in Sources */,
				96A31A3919F4DA5D004E6941 /* Color.swift in Sources */,
				96A31A3719F4D4B1004E6941 /* HomeViewController.swift in Sources */,
				96A31A3E19F4F369004E6941 /* TopicModel.swift in Sources */,
				96A86A7B19F6507C003B43C9 /* DetailViewController.swift in Sources */,
				96A31A4019F4FAB3004E6941 /* TopicStore.swift in Sources */,
				96BCCF9819F55A27003A7AB5 /* TopicTableViewCell.swift in Sources */,
			);
			runOnlyForDeploymentPostprocessing = 0;
		};
/* End PBXSourcesBuildPhase section */

/* Begin PBXVariantGroup section */
		96A88EC419F77C3E0028D204 /* LaunchScreen.xib */ = {
			isa = PBXVariantGroup;
			children = (
				96A88EC519F77C3E0028D204 /* Base */,
			);
			name = LaunchScreen.xib;
			path = ..;
			sourceTree = "<group>";
		};
		96C8CCDD19F4B515000EB59E /* Main.storyboard */ = {
			isa = PBXVariantGroup;
			children = (
				96C8CCDE19F4B515000EB59E /* Base */,
			);
			name = Main.storyboard;
			sourceTree = "<group>";
		};
/* End PBXVariantGroup section */

/* Begin XCBuildConfiguration section */
		96C8CCF119F4B515000EB59E /* Debug */ = {
			isa = XCBuildConfiguration;
			buildSettings = {
				ALWAYS_SEARCH_USER_PATHS = NO;
				CLANG_CXX_LANGUAGE_STANDARD = "gnu++0x";
				CLANG_CXX_LIBRARY = "libc++";
				CLANG_ENABLE_MODULES = YES;
				CLANG_ENABLE_OBJC_ARC = YES;
				CLANG_WARN_BOOL_CONVERSION = YES;
				CLANG_WARN_CONSTANT_CONVERSION = YES;
				CLANG_WARN_DIRECT_OBJC_ISA_USAGE = YES_ERROR;
				CLANG_WARN_EMPTY_BODY = YES;
				CLANG_WARN_ENUM_CONVERSION = YES;
				CLANG_WARN_INT_CONVERSION = YES;
				CLANG_WARN_OBJC_ROOT_CLASS = YES_ERROR;
				CLANG_WARN_UNREACHABLE_CODE = YES;
				CLANG_WARN__DUPLICATE_METHOD_MATCH = YES;
				"CODE_SIGN_IDENTITY[sdk=iphoneos*]" = "iPhone Developer";
				COPY_PHASE_STRIP = NO;
				ENABLE_STRICT_OBJC_MSGSEND = YES;
				ENABLE_TESTABILITY = YES;
				GCC_C_LANGUAGE_STANDARD = gnu99;
				GCC_DYNAMIC_NO_PIC = NO;
				GCC_OPTIMIZATION_LEVEL = 0;
				GCC_PREPROCESSOR_DEFINITIONS = (
					"DEBUG=1",
					"$(inherited)",
				);
				GCC_SYMBOLS_PRIVATE_EXTERN = NO;
				GCC_WARN_64_TO_32_BIT_CONVERSION = YES;
				GCC_WARN_ABOUT_RETURN_TYPE = YES_ERROR;
				GCC_WARN_UNDECLARED_SELECTOR = YES;
				GCC_WARN_UNINITIALIZED_AUTOS = YES_AGGRESSIVE;
				GCC_WARN_UNUSED_FUNCTION = YES;
				GCC_WARN_UNUSED_VARIABLE = YES;
				IPHONEOS_DEPLOYMENT_TARGET = 8.1;
				MTL_ENABLE_DEBUG_INFO = YES;
				ONLY_ACTIVE_ARCH = YES;
				SDKROOT = iphoneos;
				SWIFT_OBJC_BRIDGING_HEADER = "CNodeJS/Macro/CNodeJS-Bridging-Header.h";
				SWIFT_OPTIMIZATION_LEVEL = "-Onone";
				TARGETED_DEVICE_FAMILY = "1,2";
			};
			name = Debug;
		};
		96C8CCF219F4B515000EB59E /* Release */ = {
			isa = XCBuildConfiguration;
			buildSettings = {
				ALWAYS_SEARCH_USER_PATHS = NO;
				CLANG_CXX_LANGUAGE_STANDARD = "gnu++0x";
				CLANG_CXX_LIBRARY = "libc++";
				CLANG_ENABLE_MODULES = YES;
				CLANG_ENABLE_OBJC_ARC = YES;
				CLANG_WARN_BOOL_CONVERSION = YES;
				CLANG_WARN_CONSTANT_CONVERSION = YES;
				CLANG_WARN_DIRECT_OBJC_ISA_USAGE = YES_ERROR;
				CLANG_WARN_EMPTY_BODY = YES;
				CLANG_WARN_ENUM_CONVERSION = YES;
				CLANG_WARN_INT_CONVERSION = YES;
				CLANG_WARN_OBJC_ROOT_CLASS = YES_ERROR;
				CLANG_WARN_UNREACHABLE_CODE = YES;
				CLANG_WARN__DUPLICATE_METHOD_MATCH = YES;
				"CODE_SIGN_IDENTITY[sdk=iphoneos*]" = "iPhone Developer";
				COPY_PHASE_STRIP = YES;
				ENABLE_NS_ASSERTIONS = NO;
				ENABLE_STRICT_OBJC_MSGSEND = YES;
				GCC_C_LANGUAGE_STANDARD = gnu99;
				GCC_WARN_64_TO_32_BIT_CONVERSION = YES;
				GCC_WARN_ABOUT_RETURN_TYPE = YES_ERROR;
				GCC_WARN_UNDECLARED_SELECTOR = YES;
				GCC_WARN_UNINITIALIZED_AUTOS = YES_AGGRESSIVE;
				GCC_WARN_UNUSED_FUNCTION = YES;
				GCC_WARN_UNUSED_VARIABLE = YES;
				IPHONEOS_DEPLOYMENT_TARGET = 8.1;
				MTL_ENABLE_DEBUG_INFO = NO;
				SDKROOT = iphoneos;
				SWIFT_OBJC_BRIDGING_HEADER = "CNodeJS/Macro/CNodeJS-Bridging-Header.h";
				TARGETED_DEVICE_FAMILY = "1,2";
				VALIDATE_PRODUCT = YES;
			};
			name = Release;
		};
		96C8CCF419F4B515000EB59E /* Debug */ = {
			isa = XCBuildConfiguration;
			baseConfigurationReference = BAED55755843B607F5BC250F /* Pods-CNodeJS.debug.xcconfig */;
			buildSettings = {
				ASSETCATALOG_COMPILER_APPICON_NAME = AppIcon;
				CODE_SIGN_IDENTITY = "iPhone Developer";
				FRAMEWORK_SEARCH_PATHS = (
					"$(inherited)",
					"$(PROJECT_DIR)/CNodeJS/Vendors",
				);
				HEADER_SEARCH_PATHS = (
					"$(inherited)",
					/Applications/Xcode.app/Contents/Developer/Toolchains/XcodeDefault.xctoolchain/usr/include,
					"$(CONFIGURATION_BUILD_DIR)/MMMarkdown-iOS/public/",
					/usr/include/libxml2,
				);
				INFOPLIST_FILE = CNodeJS/Info.plist;
				IPHONEOS_DEPLOYMENT_TARGET = 8.0;
				LD_RUNPATH_SEARCH_PATHS = "$(inherited) @executable_path/Frameworks";
				PRODUCT_BUNDLE_IDENTIFIER = "com.callmewhy.$(PRODUCT_NAME:rfc1034identifier)";
				PRODUCT_NAME = "$(TARGET_NAME)";
				SWIFT_OBJC_BRIDGING_HEADER = "";
				TARGETED_DEVICE_FAMILY = "1,2";
				VALID_ARCHS = "armv7 armv7s arm64";
			};
			name = Debug;
		};
		96C8CCF519F4B515000EB59E /* Release */ = {
			isa = XCBuildConfiguration;
			baseConfigurationReference = AAF1ED674C4C519B55B0288A /* Pods-CNodeJS.release.xcconfig */;
			buildSettings = {
				ASSETCATALOG_COMPILER_APPICON_NAME = AppIcon;
				CODE_SIGN_IDENTITY = "iPhone Developer";
				FRAMEWORK_SEARCH_PATHS = (
					"$(inherited)",
					"$(PROJECT_DIR)/CNodeJS/Vendors",
				);
				HEADER_SEARCH_PATHS = (
					"$(inherited)",
					/Applications/Xcode.app/Contents/Developer/Toolchains/XcodeDefault.xctoolchain/usr/include,
					"$(CONFIGURATION_BUILD_DIR)/MMMarkdown-iOS/public/",
					/usr/include/libxml2,
				);
				INFOPLIST_FILE = CNodeJS/Info.plist;
				IPHONEOS_DEPLOYMENT_TARGET = 8.0;
				LD_RUNPATH_SEARCH_PATHS = "$(inherited) @executable_path/Frameworks";
				PRODUCT_BUNDLE_IDENTIFIER = "com.callmewhy.$(PRODUCT_NAME:rfc1034identifier)";
				PRODUCT_NAME = "$(TARGET_NAME)";
				SWIFT_OBJC_BRIDGING_HEADER = "";
				TARGETED_DEVICE_FAMILY = "1,2";
				VALID_ARCHS = "armv7 armv7s arm64";
			};
			name = Release;
		};
/* End XCBuildConfiguration section */

/* Begin XCConfigurationList section */
		96C8CCCF19F4B515000EB59E /* Build configuration list for PBXProject "CNodeJS" */ = {
			isa = XCConfigurationList;
			buildConfigurations = (
				96C8CCF119F4B515000EB59E /* Debug */,
				96C8CCF219F4B515000EB59E /* Release */,
			);
			defaultConfigurationIsVisible = 0;
			defaultConfigurationName = Release;
		};
		96C8CCF319F4B515000EB59E /* Build configuration list for PBXNativeTarget "CNodeJS" */ = {
			isa = XCConfigurationList;
			buildConfigurations = (
				96C8CCF419F4B515000EB59E /* Debug */,
				96C8CCF519F4B515000EB59E /* Release */,
			);
			defaultConfigurationIsVisible = 0;
			defaultConfigurationName = Release;
		};
/* End XCConfigurationList section */
	};
	rootObject = 96C8CCCC19F4B515000EB59E /* Project object */;
}
