// !$*UTF8*$!
{
	archiveVersion = 1;
	classes = {
	};
	objectVersion = 46;
	objects = {

/* Begin PBXBuildFile section */
		95BBE08C1A09227100C386D2 /* CoreText.framework in Frameworks */ = {isa = PBXBuildFile; fileRef = 95BBE08B1A09227100C386D2 /* CoreText.framework */; };
		95BBE08E1A09227A00C386D2 /* libxml2.dylib in Frameworks */ = {isa = PBXBuildFile; fileRef = 95BBE08D1A09227A00C386D2 /* libxml2.dylib */; };
		95BBE0911A0923A900C386D2 /* CoreTextView.mm in Sources */ = {isa = PBXBuildFile; fileRef = 95BBE0901A0923A900C386D2 /* CoreTextView.mm */; };
		962548A019F7B5B500F45539 /* ReplyTableViewCell.swift in Sources */ = {isa = PBXBuildFile; fileRef = 9625489F19F7B5B500F45539 /* ReplyTableViewCell.swift */; };
		9626533519F6323F0076C205 /* Alamofire.framework in Frameworks */ = {isa = PBXBuildFile; fileRef = 9626533219F632350076C205 /* Alamofire.framework */; };
		9635C16419FBEBFD00D29556 /* Haneke.framework in Frameworks */ = {isa = PBXBuildFile; fileRef = 9635C15719FBEBE900D29556 /* Haneke.framework */; };
		9641D61C19F8A6C7001190F2 /* SwiftyJSON.framework in Frameworks */ = {isa = PBXBuildFile; fileRef = 9641D61719F8A6B6001190F2 /* SwiftyJSON.framework */; };
		9641D61F19F8A78A001190F2 /* Alamofire-SwiftyJSON.swift in Sources */ = {isa = PBXBuildFile; fileRef = 9641D61E19F8A78A001190F2 /* Alamofire-SwiftyJSON.swift */; };
		96A31A3719F4D4B1004E6941 /* HomeViewController.swift in Sources */ = {isa = PBXBuildFile; fileRef = 96A31A3619F4D4B1004E6941 /* HomeViewController.swift */; };
		96A31A3919F4DA5D004E6941 /* Color.swift in Sources */ = {isa = PBXBuildFile; fileRef = 96A31A3819F4DA5D004E6941 /* Color.swift */; };
		96A31A3C19F4E323004E6941 /* ArrayDataSource.swift in Sources */ = {isa = PBXBuildFile; fileRef = 96A31A3B19F4E323004E6941 /* ArrayDataSource.swift */; };
		96A31A3E19F4F369004E6941 /* TopicModel.swift in Sources */ = {isa = PBXBuildFile; fileRef = 96A31A3D19F4F369004E6941 /* TopicModel.swift */; };
		96A31A4019F4FAB3004E6941 /* TopicStore.swift in Sources */ = {isa = PBXBuildFile; fileRef = 96A31A3F19F4FAB3004E6941 /* TopicStore.swift */; };
		96A468A319F7EDFE00450992 /* HUDTool.swift in Sources */ = {isa = PBXBuildFile; fileRef = 96A468A219F7EDFE00450992 /* HUDTool.swift */; };
		96A86A6B19F64D39003B43C9 /* Alamofire.framework in CopyFiles */ = {isa = PBXBuildFile; fileRef = 9626533219F632350076C205 /* Alamofire.framework */; settings = {ATTRIBUTES = (CodeSignOnCopy, RemoveHeadersOnCopy, ); }; };
		96A86A7519F64DCB003B43C9 /* PKHUD.framework in Frameworks */ = {isa = PBXBuildFile; fileRef = 96A86A7419F64DB2003B43C9 /* PKHUD.framework */; };
		96A86A7719F64DDA003B43C9 /* PKHUD.framework in CopyFiles */ = {isa = PBXBuildFile; fileRef = 96A86A7419F64DB2003B43C9 /* PKHUD.framework */; settings = {ATTRIBUTES = (CodeSignOnCopy, RemoveHeadersOnCopy, ); }; };
		96A86A7B19F6507C003B43C9 /* DetailViewController.swift in Sources */ = {isa = PBXBuildFile; fileRef = 96A86A7A19F6507C003B43C9 /* DetailViewController.swift */; };
		96A86A8019F65FDB003B43C9 /* API.swift in Sources */ = {isa = PBXBuildFile; fileRef = 96A86A7F19F65FDB003B43C9 /* API.swift */; };
		96A86AA219F67932003B43C9 /* libMMMarkdown-iOS.a in Frameworks */ = {isa = PBXBuildFile; fileRef = 96A86A9D19F6791E003B43C9 /* libMMMarkdown-iOS.a */; };
		96A88EC619F77C3E0028D204 /* LaunchScreen.xib in Resources */ = {isa = PBXBuildFile; fileRef = 96A88EC419F77C3E0028D204 /* LaunchScreen.xib */; };
		96A88EC819F77C4D0028D204 /* Images.xcassets in Resources */ = {isa = PBXBuildFile; fileRef = 96A88EC719F77C4D0028D204 /* Images.xcassets */; };
		96BCCF9819F55A27003A7AB5 /* TopicTableViewCell.swift in Sources */ = {isa = PBXBuildFile; fileRef = 96BCCF9719F55A27003A7AB5 /* TopicTableViewCell.swift */; };
		96BCCF9B19F55C88003A7AB5 /* ConvertTool.swift in Sources */ = {isa = PBXBuildFile; fileRef = 96BCCF9A19F55C88003A7AB5 /* ConvertTool.swift */; };
		96C8CCDA19F4B515000EB59E /* AppDelegate.swift in Sources */ = {isa = PBXBuildFile; fileRef = 96C8CCD919F4B515000EB59E /* AppDelegate.swift */; };
		96C8CCDF19F4B515000EB59E /* Main.storyboard in Resources */ = {isa = PBXBuildFile; fileRef = 96C8CCDD19F4B515000EB59E /* Main.storyboard */; };
		96C8CD0319F4BB92000EB59E /* HMSegmentedControl.m in Sources */ = {isa = PBXBuildFile; fileRef = 96C8CD0219F4BB92000EB59E /* HMSegmentedControl.m */; };
/* End PBXBuildFile section */

/* Begin PBXContainerItemProxy section */
		9626533119F632350076C205 /* PBXContainerItemProxy */ = {
			isa = PBXContainerItemProxy;
			containerPortal = 9626532C19F632340076C205 /* Alamofire.xcodeproj */;
			proxyType = 2;
			remoteGlobalIDString = F8111E3319A95C8B0040E7D1;
			remoteInfo = Alamofire;
		};
		9626533719F632460076C205 /* PBXContainerItemProxy */ = {
			isa = PBXContainerItemProxy;
			containerPortal = 9626532C19F632340076C205 /* Alamofire.xcodeproj */;
			proxyType = 1;
			remoteGlobalIDString = F8111E3219A95C8B0040E7D1;
			remoteInfo = Alamofire;
		};
		9635C15619FBEBE900D29556 /* PBXContainerItemProxy */ = {
			isa = PBXContainerItemProxy;
			containerPortal = 9635C14E19FBEBE800D29556 /* Haneke.xcodeproj */;
			proxyType = 2;
			remoteGlobalIDString = A095C9561980418C00CD0F4C;
			remoteInfo = Haneke;
		};
		9635C15819FBEBE900D29556 /* PBXContainerItemProxy */ = {
			isa = PBXContainerItemProxy;
			containerPortal = 9635C14E19FBEBE800D29556 /* Haneke.xcodeproj */;
			proxyType = 2;
			remoteGlobalIDString = A095C9611980418C00CD0F4C;
			remoteInfo = HanekeTests;
		};
		9635C15A19FBEBE900D29556 /* PBXContainerItemProxy */ = {
			isa = PBXContainerItemProxy;
			containerPortal = 9635C14E19FBEBE800D29556 /* Haneke.xcodeproj */;
			proxyType = 2;
			remoteGlobalIDString = A0026E9A19C9BFBC004DE0C6;
			remoteInfo = HanekeDemo;
		};
		9635C16219FBEBF400D29556 /* PBXContainerItemProxy */ = {
			isa = PBXContainerItemProxy;
			containerPortal = 9635C14E19FBEBE800D29556 /* Haneke.xcodeproj */;
			proxyType = 1;
			remoteGlobalIDString = A095C9551980418C00CD0F4C;
			remoteInfo = Haneke;
		};
		9641D61619F8A6B6001190F2 /* PBXContainerItemProxy */ = {
			isa = PBXContainerItemProxy;
			containerPortal = 9641D60B19F8A6B5001190F2 /* SwiftyJSON.xcodeproj */;
			proxyType = 2;
			remoteGlobalIDString = 2E4FEFDB19575BE100351305;
			remoteInfo = SwiftyJSON;
		};
		9641D61819F8A6B6001190F2 /* PBXContainerItemProxy */ = {
			isa = PBXContainerItemProxy;
			containerPortal = 9641D60B19F8A6B5001190F2 /* SwiftyJSON.xcodeproj */;
			proxyType = 2;
			remoteGlobalIDString = 2E4FEFE619575BE100351305;
			remoteInfo = SwiftyJSONTests;
		};
		9641D61A19F8A6BF001190F2 /* PBXContainerItemProxy */ = {
			isa = PBXContainerItemProxy;
			containerPortal = 9641D60B19F8A6B5001190F2 /* SwiftyJSON.xcodeproj */;
			proxyType = 1;
			remoteGlobalIDString = 2E4FEFDA19575BE100351305;
			remoteInfo = SwiftyJSON;
		};
		96A86A7119F64DB2003B43C9 /* PBXContainerItemProxy */ = {
			isa = PBXContainerItemProxy;
			containerPortal = 96A86A6C19F64DB2003B43C9 /* PKHUD.xcodeproj */;
			proxyType = 2;
			remoteGlobalIDString = F99631FC19514FAC001F73CA;
			remoteInfo = "PKHUD Demo";
		};
		96A86A7319F64DB2003B43C9 /* PBXContainerItemProxy */ = {
			isa = PBXContainerItemProxy;
			containerPortal = 96A86A6C19F64DB2003B43C9 /* PKHUD.xcodeproj */;
			proxyType = 2;
			remoteGlobalIDString = F996321E19514FD8001F73CA;
			remoteInfo = PKHUD;
		};
		96A86A7819F64DE3003B43C9 /* PBXContainerItemProxy */ = {
			isa = PBXContainerItemProxy;
			containerPortal = 96A86A6C19F64DB2003B43C9 /* PKHUD.xcodeproj */;
			proxyType = 1;
			remoteGlobalIDString = F996321D19514FD8001F73CA;
			remoteInfo = PKHUD;
		};
		96A86A7D19F6507E003B43C9 /* PBXContainerItemProxy */ = {
			isa = PBXContainerItemProxy;
			containerPortal = 9626532C19F632340076C205 /* Alamofire.xcodeproj */;
			proxyType = 2;
			remoteGlobalIDString = F8111E3E19A95C8B0040E7D1;
			remoteInfo = AlamofireTests;
		};
		96A86A9A19F6791E003B43C9 /* PBXContainerItemProxy */ = {
			isa = PBXContainerItemProxy;
			containerPortal = 96A86A9319F6791E003B43C9 /* MMMarkdown.xcodeproj */;
			proxyType = 2;
			remoteGlobalIDString = BE813DD614F893EB00EC9469;
			remoteInfo = "MMMarkdown-Mac";
		};
		96A86A9C19F6791E003B43C9 /* PBXContainerItemProxy */ = {
			isa = PBXContainerItemProxy;
			containerPortal = 96A86A9319F6791E003B43C9 /* MMMarkdown.xcodeproj */;
			proxyType = 2;
			remoteGlobalIDString = BE813E0E14F8961D00EC9469;
			remoteInfo = "MMMarkdown-iOS";
		};
		96A86A9E19F6791E003B43C9 /* PBXContainerItemProxy */ = {
			isa = PBXContainerItemProxy;
			containerPortal = 96A86A9319F6791E003B43C9 /* MMMarkdown.xcodeproj */;
			proxyType = 2;
			remoteGlobalIDString = BE813DEA14F893EB00EC9469;
			remoteInfo = MMMarkdownTests;
		};
		96A86AA019F6791E003B43C9 /* PBXContainerItemProxy */ = {
			isa = PBXContainerItemProxy;
			containerPortal = 96A86A9319F6791E003B43C9 /* MMMarkdown.xcodeproj */;
			proxyType = 2;
			remoteGlobalIDString = BE813E1314F92B6100EC9469;
			remoteInfo = mmmarkdown;
		};
/* End PBXContainerItemProxy section */

/* Begin PBXCopyFilesBuildPhase section */
		96A86A6A19F64D2B003B43C9 /* CopyFiles */ = {
			isa = PBXCopyFilesBuildPhase;
			buildActionMask = 2147483647;
			dstPath = "";
			dstSubfolderSpec = 10;
			files = (
				96A86A7719F64DDA003B43C9 /* PKHUD.framework in CopyFiles */,
				96A86A6B19F64D39003B43C9 /* Alamofire.framework in CopyFiles */,
			);
			runOnlyForDeploymentPostprocessing = 0;
		};
/* End PBXCopyFilesBuildPhase section */

/* Begin PBXFileReference section */
		95BBE08B1A09227100C386D2 /* CoreText.framework */ = {isa = PBXFileReference; lastKnownFileType = wrapper.framework; name = CoreText.framework; path = System/Library/Frameworks/CoreText.framework; sourceTree = SDKROOT; };
		95BBE08D1A09227A00C386D2 /* libxml2.dylib */ = {isa = PBXFileReference; lastKnownFileType = "compiled.mach-o.dylib"; name = libxml2.dylib; path = usr/lib/libxml2.dylib; sourceTree = SDKROOT; };
		95BBE08F1A0923A900C386D2 /* CoreTextView.h */ = {isa = PBXFileReference; fileEncoding = 4; lastKnownFileType = sourcecode.c.h; path = CoreTextView.h; sourceTree = "<group>"; };
		95BBE0901A0923A900C386D2 /* CoreTextView.mm */ = {isa = PBXFileReference; fileEncoding = 4; lastKnownFileType = sourcecode.cpp.objcpp; path = CoreTextView.mm; sourceTree = "<group>"; };
		9625489F19F7B5B500F45539 /* ReplyTableViewCell.swift */ = {isa = PBXFileReference; fileEncoding = 4; lastKnownFileType = sourcecode.swift; path = ReplyTableViewCell.swift; sourceTree = "<group>"; };
		9626532C19F632340076C205 /* Alamofire.xcodeproj */ = {isa = PBXFileReference; lastKnownFileType = "wrapper.pb-project"; name = Alamofire.xcodeproj; path = Alamofire/Alamofire.xcodeproj; sourceTree = SOURCE_ROOT; };
		9635C14E19FBEBE800D29556 /* Haneke.xcodeproj */ = {isa = PBXFileReference; lastKnownFileType = "wrapper.pb-project"; name = Haneke.xcodeproj; path = HanekeSwift/Haneke.xcodeproj; sourceTree = SOURCE_ROOT; };
		9641D60B19F8A6B5001190F2 /* SwiftyJSON.xcodeproj */ = {isa = PBXFileReference; lastKnownFileType = "wrapper.pb-project"; name = SwiftyJSON.xcodeproj; path = SwiftyJSON/SwiftyJSON.xcodeproj; sourceTree = SOURCE_ROOT; };
		9641D61E19F8A78A001190F2 /* Alamofire-SwiftyJSON.swift */ = {isa = PBXFileReference; fileEncoding = 4; lastKnownFileType = sourcecode.swift; path = "Alamofire-SwiftyJSON.swift"; sourceTree = "<group>"; };
		96A31A3619F4D4B1004E6941 /* HomeViewController.swift */ = {isa = PBXFileReference; fileEncoding = 4; lastKnownFileType = sourcecode.swift; path = HomeViewController.swift; sourceTree = "<group>"; };
		96A31A3819F4DA5D004E6941 /* Color.swift */ = {isa = PBXFileReference; fileEncoding = 4; lastKnownFileType = sourcecode.swift; path = Color.swift; sourceTree = "<group>"; };
		96A31A3B19F4E323004E6941 /* ArrayDataSource.swift */ = {isa = PBXFileReference; fileEncoding = 4; lastKnownFileType = sourcecode.swift; path = ArrayDataSource.swift; sourceTree = "<group>"; };
		96A31A3D19F4F369004E6941 /* TopicModel.swift */ = {isa = PBXFileReference; fileEncoding = 4; lastKnownFileType = sourcecode.swift; path = TopicModel.swift; sourceTree = "<group>"; };
		96A31A3F19F4FAB3004E6941 /* TopicStore.swift */ = {isa = PBXFileReference; fileEncoding = 4; lastKnownFileType = sourcecode.swift; path = TopicStore.swift; sourceTree = "<group>"; };
		96A468A219F7EDFE00450992 /* HUDTool.swift */ = {isa = PBXFileReference; fileEncoding = 4; lastKnownFileType = sourcecode.swift; path = HUDTool.swift; sourceTree = "<group>"; };
		96A86A6C19F64DB2003B43C9 /* PKHUD.xcodeproj */ = {isa = PBXFileReference; lastKnownFileType = "wrapper.pb-project"; name = PKHUD.xcodeproj; path = PKHUD/PKHUD.xcodeproj; sourceTree = SOURCE_ROOT; };
		96A86A7A19F6507C003B43C9 /* DetailViewController.swift */ = {isa = PBXFileReference; fileEncoding = 4; lastKnownFileType = sourcecode.swift; path = DetailViewController.swift; sourceTree = "<group>"; };
		96A86A7F19F65FDB003B43C9 /* API.swift */ = {isa = PBXFileReference; fileEncoding = 4; lastKnownFileType = sourcecode.swift; path = API.swift; sourceTree = "<group>"; };
		96A86A9319F6791E003B43C9 /* MMMarkdown.xcodeproj */ = {isa = PBXFileReference; lastKnownFileType = "wrapper.pb-project"; name = MMMarkdown.xcodeproj; path = MMMarkdown/MMMarkdown.xcodeproj; sourceTree = SOURCE_ROOT; };
		96A88EC519F77C3E0028D204 /* Base */ = {isa = PBXFileReference; lastKnownFileType = file.xib; name = Base; path = Base.lproj/LaunchScreen.xib; sourceTree = "<group>"; };
		96A88EC719F77C4D0028D204 /* Images.xcassets */ = {isa = PBXFileReference; lastKnownFileType = folder.assetcatalog; path = Images.xcassets; sourceTree = "<group>"; };
		96BCCF9719F55A27003A7AB5 /* TopicTableViewCell.swift */ = {isa = PBXFileReference; fileEncoding = 4; lastKnownFileType = sourcecode.swift; path = TopicTableViewCell.swift; sourceTree = "<group>"; };
		96BCCF9A19F55C88003A7AB5 /* ConvertTool.swift */ = {isa = PBXFileReference; fileEncoding = 4; lastKnownFileType = sourcecode.swift; path = ConvertTool.swift; sourceTree = "<group>"; };
		96C8CCD419F4B515000EB59E /* CNodeJS.app */ = {isa = PBXFileReference; explicitFileType = wrapper.application; includeInIndex = 0; path = CNodeJS.app; sourceTree = BUILT_PRODUCTS_DIR; };
		96C8CCD819F4B515000EB59E /* Info.plist */ = {isa = PBXFileReference; lastKnownFileType = text.plist.xml; path = Info.plist; sourceTree = "<group>"; };
		96C8CCD919F4B515000EB59E /* AppDelegate.swift */ = {isa = PBXFileReference; lastKnownFileType = sourcecode.swift; path = AppDelegate.swift; sourceTree = "<group>"; };
		96C8CCDE19F4B515000EB59E /* Base */ = {isa = PBXFileReference; lastKnownFileType = file.storyboard; name = Base; path = Base.lproj/Main.storyboard; sourceTree = "<group>"; };
		96C8CCEE19F4B515000EB59E /* Info.plist */ = {isa = PBXFileReference; lastKnownFileType = text.plist.xml; path = Info.plist; sourceTree = "<group>"; };
		96C8CCEF19F4B515000EB59E /* CNodeJSTests.swift */ = {isa = PBXFileReference; lastKnownFileType = sourcecode.swift; path = CNodeJSTests.swift; sourceTree = "<group>"; };
		96C8CD0119F4BB92000EB59E /* HMSegmentedControl.h */ = {isa = PBXFileReference; fileEncoding = 4; lastKnownFileType = sourcecode.c.h; path = HMSegmentedControl.h; sourceTree = "<group>"; };
		96C8CD0219F4BB92000EB59E /* HMSegmentedControl.m */ = {isa = PBXFileReference; fileEncoding = 4; lastKnownFileType = sourcecode.c.objc; path = HMSegmentedControl.m; sourceTree = "<group>"; };
		96C8CD0619F4BCF2000EB59E /* CNodeJS-Bridging-Header.h */ = {isa = PBXFileReference; lastKnownFileType = sourcecode.c.h; path = "CNodeJS-Bridging-Header.h"; sourceTree = "<group>"; };
/* End PBXFileReference section */

/* Begin PBXFrameworksBuildPhase section */
		96C8CCD119F4B515000EB59E /* Frameworks */ = {
			isa = PBXFrameworksBuildPhase;
			buildActionMask = 2147483647;
			files = (
				95BBE08E1A09227A00C386D2 /* libxml2.dylib in Frameworks */,
				95BBE08C1A09227100C386D2 /* CoreText.framework in Frameworks */,
				9635C16419FBEBFD00D29556 /* Haneke.framework in Frameworks */,
				9641D61C19F8A6C7001190F2 /* SwiftyJSON.framework in Frameworks */,
				96A86AA219F67932003B43C9 /* libMMMarkdown-iOS.a in Frameworks */,
				96A86A7519F64DCB003B43C9 /* PKHUD.framework in Frameworks */,
				9626533519F6323F0076C205 /* Alamofire.framework in Frameworks */,
			);
			runOnlyForDeploymentPostprocessing = 0;
		};
/* End PBXFrameworksBuildPhase section */

/* Begin PBXGroup section */
		9626532D19F632340076C205 /* Products */ = {
			isa = PBXGroup;
			children = (
				9626533219F632350076C205 /* Alamofire.framework */,
				96A86A7E19F6507E003B43C9 /* AlamofireTests.xctest */,
			);
			name = Products;
			sourceTree = "<group>";
		};
		9635C14F19FBEBE800D29556 /* Products */ = {
			isa = PBXGroup;
			children = (
				9635C15719FBEBE900D29556 /* Haneke.framework */,
				9635C15919FBEBE900D29556 /* HanekeTests.xctest */,
				9635C15B19FBEBE900D29556 /* HanekeDemo.app */,
			);
			name = Products;
			sourceTree = "<group>";
		};
		9641D60C19F8A6B5001190F2 /* Products */ = {
			isa = PBXGroup;
			children = (
				9641D61719F8A6B6001190F2 /* SwiftyJSON.framework */,
				9641D61919F8A6B6001190F2 /* SwiftyJSONTests.xctest */,
			);
			name = Products;
			sourceTree = "<group>";
		};
		9641D61D19F8A760001190F2 /* Extention */ = {
			isa = PBXGroup;
			children = (
				9641D61E19F8A78A001190F2 /* Alamofire-SwiftyJSON.swift */,
			);
			path = Extention;
			sourceTree = "<group>";
		};
		96A31A3519F4D49A004E6941 /* Home */ = {
			isa = PBXGroup;
			children = (
				96A31A3619F4D4B1004E6941 /* HomeViewController.swift */,
			);
			path = Home;
			sourceTree = "<group>";
		};
		96A31A3A19F4E304004E6941 /* Class */ = {
			isa = PBXGroup;
			children = (
				96A31A3B19F4E323004E6941 /* ArrayDataSource.swift */,
			);
			path = Class;
			sourceTree = "<group>";
		};
		96A86A6D19F64DB2003B43C9 /* Products */ = {
			isa = PBXGroup;
			children = (
				96A86A7219F64DB2003B43C9 /* PKHUD Demo.app */,
				96A86A7419F64DB2003B43C9 /* PKHUD.framework */,
			);
			name = Products;
			sourceTree = "<group>";
		};
		96A86A9419F6791E003B43C9 /* Products */ = {
			isa = PBXGroup;
			children = (
				96A86A9B19F6791E003B43C9 /* libMMMarkdown-Mac.a */,
				96A86A9D19F6791E003B43C9 /* libMMMarkdown-iOS.a */,
				96A86A9F19F6791E003B43C9 /* MMMarkdownTests.xctest */,
				96A86AA119F6791E003B43C9 /* mmmarkdown */,
			);
			name = Products;
			sourceTree = "<group>";
		};
		96A88EC119F77C260028D204 /* Resources */ = {
			isa = PBXGroup;
			children = (
				96A88EC419F77C3E0028D204 /* LaunchScreen.xib */,
				96A88EC719F77C4D0028D204 /* Images.xcassets */,
			);
			path = Resources;
			sourceTree = "<group>";
		};
		96C8CCCB19F4B515000EB59E = {
			isa = PBXGroup;
			children = (
				95BBE08F1A0923A900C386D2 /* CoreTextView.h */,
				95BBE0901A0923A900C386D2 /* CoreTextView.mm */,
				95BBE08D1A09227A00C386D2 /* libxml2.dylib */,
				95BBE08B1A09227100C386D2 /* CoreText.framework */,
				96C8CCD619F4B515000EB59E /* CNodeJS */,
				96C8CCEC19F4B515000EB59E /* CNodeJSTests */,
				96C8CCD519F4B515000EB59E /* Products */,
			);
			sourceTree = "<group>";
		};
		96C8CCD519F4B515000EB59E /* Products */ = {
			isa = PBXGroup;
			children = (
				96C8CCD419F4B515000EB59E /* CNodeJS.app */,
			);
			name = Products;
			sourceTree = "<group>";
		};
		96C8CCD619F4B515000EB59E /* CNodeJS */ = {
			isa = PBXGroup;
			children = (
				96C8CCD919F4B515000EB59E /* AppDelegate.swift */,
				96C8CCDD19F4B515000EB59E /* Main.storyboard */,
				96C8CCFC19F4B5B0000EB59E /* Sections */,
				96C8CCF919F4B5B0000EB59E /* General */,
				96C8CCFB19F4B5B0000EB59E /* Models */,
				96C8CCFD19F4B5B0000EB59E /* Tools */,
				96C8CD0519F4BCB7000EB59E /* Macro */,
				96C8CCFE19F4B5B0000EB59E /* Vendors */,
				96A88EC119F77C260028D204 /* Resources */,
				96C8CCD719F4B515000EB59E /* Supporting Files */,
			);
			path = CNodeJS;
			sourceTree = "<group>";
		};
		96C8CCD719F4B515000EB59E /* Supporting Files */ = {
			isa = PBXGroup;
			children = (
				96C8CCD819F4B515000EB59E /* Info.plist */,
			);
			name = "Supporting Files";
			sourceTree = "<group>";
		};
		96C8CCEC19F4B515000EB59E /* CNodeJSTests */ = {
			isa = PBXGroup;
			children = (
				96C8CCEF19F4B515000EB59E /* CNodeJSTests.swift */,
				96C8CCED19F4B515000EB59E /* Supporting Files */,
			);
			path = CNodeJSTests;
			sourceTree = "<group>";
		};
		96C8CCED19F4B515000EB59E /* Supporting Files */ = {
			isa = PBXGroup;
			children = (
				96C8CCEE19F4B515000EB59E /* Info.plist */,
			);
			name = "Supporting Files";
			sourceTree = "<group>";
		};
		96C8CCF919F4B5B0000EB59E /* General */ = {
			isa = PBXGroup;
			children = (
				9641D61D19F8A760001190F2 /* Extention */,
				96A31A3A19F4E304004E6941 /* Class */,
				96C8CCFA19F4B5B0000EB59E /* View */,
			);
			path = General;
			sourceTree = "<group>";
		};
		96C8CCFA19F4B5B0000EB59E /* View */ = {
			isa = PBXGroup;
			children = (
				96BCCF9719F55A27003A7AB5 /* TopicTableViewCell.swift */,
				9625489F19F7B5B500F45539 /* ReplyTableViewCell.swift */,
			);
			path = View;
			sourceTree = "<group>";
		};
		96C8CCFB19F4B5B0000EB59E /* Models */ = {
			isa = PBXGroup;
			children = (
				96A31A3D19F4F369004E6941 /* TopicModel.swift */,
				96A31A3F19F4FAB3004E6941 /* TopicStore.swift */,
			);
			path = Models;
			sourceTree = "<group>";
		};
		96C8CCFC19F4B5B0000EB59E /* Sections */ = {
			isa = PBXGroup;
			children = (
				96A31A3519F4D49A004E6941 /* Home */,
				96C8CD0719F4BD53000EB59E /* Detail */,
				96C8CD0919F4BD53000EB59E /* Mine */,
			);
			path = Sections;
			sourceTree = "<group>";
		};
		96C8CCFD19F4B5B0000EB59E /* Tools */ = {
			isa = PBXGroup;
			children = (
				96BCCF9A19F55C88003A7AB5 /* ConvertTool.swift */,
				96A468A219F7EDFE00450992 /* HUDTool.swift */,
			);
			path = Tools;
			sourceTree = "<group>";
		};
		96C8CCFE19F4B5B0000EB59E /* Vendors */ = {
			isa = PBXGroup;
			children = (
				9635C14E19FBEBE800D29556 /* Haneke.xcodeproj */,
				9641D60B19F8A6B5001190F2 /* SwiftyJSON.xcodeproj */,
				96A86A9319F6791E003B43C9 /* MMMarkdown.xcodeproj */,
				96A86A6C19F64DB2003B43C9 /* PKHUD.xcodeproj */,
				9626532C19F632340076C205 /* Alamofire.xcodeproj */,
				96C8CD0019F4BB92000EB59E /* HMSegmentedControl */,
			);
			path = Vendors;
			sourceTree = "<group>";
		};
		96C8CD0019F4BB92000EB59E /* HMSegmentedControl */ = {
			isa = PBXGroup;
			children = (
				96C8CD0119F4BB92000EB59E /* HMSegmentedControl.h */,
				96C8CD0219F4BB92000EB59E /* HMSegmentedControl.m */,
			);
			path = HMSegmentedControl;
			sourceTree = "<group>";
		};
		96C8CD0519F4BCB7000EB59E /* Macro */ = {
			isa = PBXGroup;
			children = (
				96C8CD0619F4BCF2000EB59E /* CNodeJS-Bridging-Header.h */,
				96A31A3819F4DA5D004E6941 /* Color.swift */,
				96A86A7F19F65FDB003B43C9 /* API.swift */,
			);
			path = Macro;
			sourceTree = "<group>";
		};
		96C8CD0719F4BD53000EB59E /* Detail */ = {
			isa = PBXGroup;
			children = (
				96A86A7A19F6507C003B43C9 /* DetailViewController.swift */,
			);
			path = Detail;
			sourceTree = "<group>";
		};
		96C8CD0919F4BD53000EB59E /* Mine */ = {
			isa = PBXGroup;
			children = (
			);
			path = Mine;
			sourceTree = "<group>";
		};
/* End PBXGroup section */

/* Begin PBXNativeTarget section */
		96C8CCD319F4B515000EB59E /* CNodeJS */ = {
			isa = PBXNativeTarget;
			buildConfigurationList = 96C8CCF319F4B515000EB59E /* Build configuration list for PBXNativeTarget "CNodeJS" */;
			buildPhases = (
				96C8CCD019F4B515000EB59E /* Sources */,
				96C8CCD119F4B515000EB59E /* Frameworks */,
				96C8CCD219F4B515000EB59E /* Resources */,
				96A86A6A19F64D2B003B43C9 /* CopyFiles */,
			);
			buildRules = (
			);
			dependencies = (
				9635C16319FBEBF400D29556 /* PBXTargetDependency */,
				9641D61B19F8A6BF001190F2 /* PBXTargetDependency */,
				96A86A7919F64DE3003B43C9 /* PBXTargetDependency */,
				9626533819F632460076C205 /* PBXTargetDependency */,
			);
			name = CNodeJS;
			productName = CNodeJS;
			productReference = 96C8CCD419F4B515000EB59E /* CNodeJS.app */;
			productType = "com.apple.product-type.application";
		};
/* End PBXNativeTarget section */

/* Begin PBXProject section */
		96C8CCCC19F4B515000EB59E /* Project object */ = {
			isa = PBXProject;
			attributes = {
				LastUpgradeCheck = 0610;
				ORGANIZATIONNAME = why;
				TargetAttributes = {
					96C8CCD319F4B515000EB59E = {
						CreatedOnToolsVersion = 6.1;
						DevelopmentTeam = YKZVGCKFL7;
					};
				};
			};
			buildConfigurationList = 96C8CCCF19F4B515000EB59E /* Build configuration list for PBXProject "CNodeJS" */;
			compatibilityVersion = "Xcode 3.2";
			developmentRegion = English;
			hasScannedForEncodings = 0;
			knownRegions = (
				en,
				Base,
			);
			mainGroup = 96C8CCCB19F4B515000EB59E;
			productRefGroup = 96C8CCD519F4B515000EB59E /* Products */;
			projectDirPath = "";
			projectReferences = (
				{
					ProductGroup = 9626532D19F632340076C205 /* Products */;
					ProjectRef = 9626532C19F632340076C205 /* Alamofire.xcodeproj */;
				},
				{
					ProductGroup = 9635C14F19FBEBE800D29556 /* Products */;
					ProjectRef = 9635C14E19FBEBE800D29556 /* Haneke.xcodeproj */;
				},
				{
					ProductGroup = 96A86A9419F6791E003B43C9 /* Products */;
					ProjectRef = 96A86A9319F6791E003B43C9 /* MMMarkdown.xcodeproj */;
				},
				{
					ProductGroup = 96A86A6D19F64DB2003B43C9 /* Products */;
					ProjectRef = 96A86A6C19F64DB2003B43C9 /* PKHUD.xcodeproj */;
				},
				{
					ProductGroup = 9641D60C19F8A6B5001190F2 /* Products */;
					ProjectRef = 9641D60B19F8A6B5001190F2 /* SwiftyJSON.xcodeproj */;
				},
			);
			projectRoot = "";
			targets = (
				96C8CCD319F4B515000EB59E /* CNodeJS */,
			);
		};
/* End PBXProject section */

/* Begin PBXReferenceProxy section */
		9626533219F632350076C205 /* Alamofire.framework */ = {
			isa = PBXReferenceProxy;
			fileType = wrapper.framework;
			path = Alamofire.framework;
			remoteRef = 9626533119F632350076C205 /* PBXContainerItemProxy */;
			sourceTree = BUILT_PRODUCTS_DIR;
		};
		9635C15719FBEBE900D29556 /* Haneke.framework */ = {
			isa = PBXReferenceProxy;
			fileType = wrapper.framework;
			path = Haneke.framework;
			remoteRef = 9635C15619FBEBE900D29556 /* PBXContainerItemProxy */;
			sourceTree = BUILT_PRODUCTS_DIR;
		};
		9635C15919FBEBE900D29556 /* HanekeTests.xctest */ = {
			isa = PBXReferenceProxy;
			fileType = wrapper.cfbundle;
			path = HanekeTests.xctest;
			remoteRef = 9635C15819FBEBE900D29556 /* PBXContainerItemProxy */;
			sourceTree = BUILT_PRODUCTS_DIR;
		};
		9635C15B19FBEBE900D29556 /* HanekeDemo.app */ = {
			isa = PBXReferenceProxy;
			fileType = wrapper.application;
			path = HanekeDemo.app;
			remoteRef = 9635C15A19FBEBE900D29556 /* PBXContainerItemProxy */;
			sourceTree = BUILT_PRODUCTS_DIR;
		};
		9641D61719F8A6B6001190F2 /* SwiftyJSON.framework */ = {
			isa = PBXReferenceProxy;
			fileType = wrapper.framework;
			path = SwiftyJSON.framework;
			remoteRef = 9641D61619F8A6B6001190F2 /* PBXContainerItemProxy */;
			sourceTree = BUILT_PRODUCTS_DIR;
		};
		9641D61919F8A6B6001190F2 /* SwiftyJSONTests.xctest */ = {
			isa = PBXReferenceProxy;
			fileType = wrapper.cfbundle;
			path = SwiftyJSONTests.xctest;
			remoteRef = 9641D61819F8A6B6001190F2 /* PBXContainerItemProxy */;
			sourceTree = BUILT_PRODUCTS_DIR;
		};
		96A86A7219F64DB2003B43C9 /* PKHUD Demo.app */ = {
			isa = PBXReferenceProxy;
			fileType = wrapper.application;
			path = "PKHUD Demo.app";
			remoteRef = 96A86A7119F64DB2003B43C9 /* PBXContainerItemProxy */;
			sourceTree = BUILT_PRODUCTS_DIR;
		};
		96A86A7419F64DB2003B43C9 /* PKHUD.framework */ = {
			isa = PBXReferenceProxy;
			fileType = wrapper.framework;
			path = PKHUD.framework;
			remoteRef = 96A86A7319F64DB2003B43C9 /* PBXContainerItemProxy */;
			sourceTree = BUILT_PRODUCTS_DIR;
		};
		96A86A7E19F6507E003B43C9 /* AlamofireTests.xctest */ = {
			isa = PBXReferenceProxy;
			fileType = wrapper.cfbundle;
			path = AlamofireTests.xctest;
			remoteRef = 96A86A7D19F6507E003B43C9 /* PBXContainerItemProxy */;
			sourceTree = BUILT_PRODUCTS_DIR;
		};
		96A86A9B19F6791E003B43C9 /* libMMMarkdown-Mac.a */ = {
			isa = PBXReferenceProxy;
			fileType = archive.ar;
			path = "libMMMarkdown-Mac.a";
			remoteRef = 96A86A9A19F6791E003B43C9 /* PBXContainerItemProxy */;
			sourceTree = BUILT_PRODUCTS_DIR;
		};
		96A86A9D19F6791E003B43C9 /* libMMMarkdown-iOS.a */ = {
			isa = PBXReferenceProxy;
			fileType = archive.ar;
			path = "libMMMarkdown-iOS.a";
			remoteRef = 96A86A9C19F6791E003B43C9 /* PBXContainerItemProxy */;
			sourceTree = BUILT_PRODUCTS_DIR;
		};
		96A86A9F19F6791E003B43C9 /* MMMarkdownTests.xctest */ = {
			isa = PBXReferenceProxy;
			fileType = wrapper.cfbundle;
			path = MMMarkdownTests.xctest;
			remoteRef = 96A86A9E19F6791E003B43C9 /* PBXContainerItemProxy */;
			sourceTree = BUILT_PRODUCTS_DIR;
		};
		96A86AA119F6791E003B43C9 /* mmmarkdown */ = {
			isa = PBXReferenceProxy;
			fileType = "compiled.mach-o.executable";
			path = mmmarkdown;
			remoteRef = 96A86AA019F6791E003B43C9 /* PBXContainerItemProxy */;
			sourceTree = BUILT_PRODUCTS_DIR;
		};
/* End PBXReferenceProxy section */

/* Begin PBXResourcesBuildPhase section */
		96C8CCD219F4B515000EB59E /* Resources */ = {
			isa = PBXResourcesBuildPhase;
			buildActionMask = 2147483647;
			files = (
				96A88EC819F77C4D0028D204 /* Images.xcassets in Resources */,
				96A88EC619F77C3E0028D204 /* LaunchScreen.xib in Resources */,
				96C8CCDF19F4B515000EB59E /* Main.storyboard in Resources */,
			);
			runOnlyForDeploymentPostprocessing = 0;
		};
/* End PBXResourcesBuildPhase section */

/* Begin PBXSourcesBuildPhase section */
		96C8CCD019F4B515000EB59E /* Sources */ = {
			isa = PBXSourcesBuildPhase;
			buildActionMask = 2147483647;
			files = (
				9641D61F19F8A78A001190F2 /* Alamofire-SwiftyJSON.swift in Sources */,
				95BBE0911A0923A900C386D2 /* CoreTextView.mm in Sources */,
				96A468A319F7EDFE00450992 /* HUDTool.swift in Sources */,
				96A86A8019F65FDB003B43C9 /* API.swift in Sources */,
				96A31A3C19F4E323004E6941 /* ArrayDataSource.swift in Sources */,
				962548A019F7B5B500F45539 /* ReplyTableViewCell.swift in Sources */,
				96BCCF9B19F55C88003A7AB5 /* ConvertTool.swift in Sources */,
				96C8CCDA19F4B515000EB59E /* AppDelegate.swift in Sources */,
				96A31A3919F4DA5D004E6941 /* Color.swift in Sources */,
				96C8CD0319F4BB92000EB59E /* HMSegmentedControl.m in Sources */,
				96A31A3719F4D4B1004E6941 /* HomeViewController.swift in Sources */,
				96A31A3E19F4F369004E6941 /* TopicModel.swift in Sources */,
				96A86A7B19F6507C003B43C9 /* DetailViewController.swift in Sources */,
				96A31A4019F4FAB3004E6941 /* TopicStore.swift in Sources */,
				96BCCF9819F55A27003A7AB5 /* TopicTableViewCell.swift in Sources */,
			);
			runOnlyForDeploymentPostprocessing = 0;
		};
/* End PBXSourcesBuildPhase section */

/* Begin PBXTargetDependency section */
		9626533819F632460076C205 /* PBXTargetDependency */ = {
			isa = PBXTargetDependency;
			name = Alamofire;
			targetProxy = 9626533719F632460076C205 /* PBXContainerItemProxy */;
		};
		9635C16319FBEBF400D29556 /* PBXTargetDependency */ = {
			isa = PBXTargetDependency;
			name = Haneke;
			targetProxy = 9635C16219FBEBF400D29556 /* PBXContainerItemProxy */;
		};
		9641D61B19F8A6BF001190F2 /* PBXTargetDependency */ = {
			isa = PBXTargetDependency;
			name = SwiftyJSON;
			targetProxy = 9641D61A19F8A6BF001190F2 /* PBXContainerItemProxy */;
		};
		96A86A7919F64DE3003B43C9 /* PBXTargetDependency */ = {
			isa = PBXTargetDependency;
			name = PKHUD;
			targetProxy = 96A86A7819F64DE3003B43C9 /* PBXContainerItemProxy */;
		};
/* End PBXTargetDependency section */

/* Begin PBXVariantGroup section */
		96A88EC419F77C3E0028D204 /* LaunchScreen.xib */ = {
			isa = PBXVariantGroup;
			children = (
				96A88EC519F77C3E0028D204 /* Base */,
			);
			name = LaunchScreen.xib;
			path = ..;
			sourceTree = "<group>";
		};
		96C8CCDD19F4B515000EB59E /* Main.storyboard */ = {
			isa = PBXVariantGroup;
			children = (
				96C8CCDE19F4B515000EB59E /* Base */,
			);
			name = Main.storyboard;
			sourceTree = "<group>";
		};
/* End PBXVariantGroup section */

/* Begin XCBuildConfiguration section */
		96C8CCF119F4B515000EB59E /* Debug */ = {
			isa = XCBuildConfiguration;
			buildSettings = {
				ALWAYS_SEARCH_USER_PATHS = NO;
				CLANG_CXX_LANGUAGE_STANDARD = "gnu++0x";
				CLANG_CXX_LIBRARY = "libc++";
				CLANG_ENABLE_MODULES = YES;
				CLANG_ENABLE_OBJC_ARC = YES;
				CLANG_WARN_BOOL_CONVERSION = YES;
				CLANG_WARN_CONSTANT_CONVERSION = YES;
				CLANG_WARN_DIRECT_OBJC_ISA_USAGE = YES_ERROR;
				CLANG_WARN_EMPTY_BODY = YES;
				CLANG_WARN_ENUM_CONVERSION = YES;
				CLANG_WARN_INT_CONVERSION = YES;
				CLANG_WARN_OBJC_ROOT_CLASS = YES_ERROR;
				CLANG_WARN_UNREACHABLE_CODE = YES;
				CLANG_WARN__DUPLICATE_METHOD_MATCH = YES;
				"CODE_SIGN_IDENTITY[sdk=iphoneos*]" = "iPhone Developer";
				COPY_PHASE_STRIP = NO;
				ENABLE_STRICT_OBJC_MSGSEND = YES;
				GCC_C_LANGUAGE_STANDARD = gnu99;
				GCC_DYNAMIC_NO_PIC = NO;
				GCC_OPTIMIZATION_LEVEL = 0;
				GCC_PREPROCESSOR_DEFINITIONS = (
					"DEBUG=1",
					"$(inherited)",
				);
				GCC_SYMBOLS_PRIVATE_EXTERN = NO;
				GCC_WARN_64_TO_32_BIT_CONVERSION = YES;
				GCC_WARN_ABOUT_RETURN_TYPE = YES_ERROR;
				GCC_WARN_UNDECLARED_SELECTOR = YES;
				GCC_WARN_UNINITIALIZED_AUTOS = YES_AGGRESSIVE;
				GCC_WARN_UNUSED_FUNCTION = YES;
				GCC_WARN_UNUSED_VARIABLE = YES;
				IPHONEOS_DEPLOYMENT_TARGET = 8.1;
				MTL_ENABLE_DEBUG_INFO = YES;
				ONLY_ACTIVE_ARCH = YES;
				SDKROOT = iphoneos;
				SWIFT_OBJC_BRIDGING_HEADER = "CNodeJS/Macro/CNodeJS-Bridging-Header.h";
				SWIFT_OPTIMIZATION_LEVEL = "-Onone";
				TARGETED_DEVICE_FAMILY = "1,2";
			};
			name = Debug;
		};
		96C8CCF219F4B515000EB59E /* Release */ = {
			isa = XCBuildConfiguration;
			buildSettings = {
				ALWAYS_SEARCH_USER_PATHS = NO;
				CLANG_CXX_LANGUAGE_STANDARD = "gnu++0x";
				CLANG_CXX_LIBRARY = "libc++";
				CLANG_ENABLE_MODULES = YES;
				CLANG_ENABLE_OBJC_ARC = YES;
				CLANG_WARN_BOOL_CONVERSION = YES;
				CLANG_WARN_CONSTANT_CONVERSION = YES;
				CLANG_WARN_DIRECT_OBJC_ISA_USAGE = YES_ERROR;
				CLANG_WARN_EMPTY_BODY = YES;
				CLANG_WARN_ENUM_CONVERSION = YES;
				CLANG_WARN_INT_CONVERSION = YES;
				CLANG_WARN_OBJC_ROOT_CLASS = YES_ERROR;
				CLANG_WARN_UNREACHABLE_CODE = YES;
				CLANG_WARN__DUPLICATE_METHOD_MATCH = YES;
				"CODE_SIGN_IDENTITY[sdk=iphoneos*]" = "iPhone Developer";
				COPY_PHASE_STRIP = YES;
				ENABLE_NS_ASSERTIONS = NO;
				ENABLE_STRICT_OBJC_MSGSEND = YES;
				GCC_C_LANGUAGE_STANDARD = gnu99;
				GCC_WARN_64_TO_32_BIT_CONVERSION = YES;
				GCC_WARN_ABOUT_RETURN_TYPE = YES_ERROR;
				GCC_WARN_UNDECLARED_SELECTOR = YES;
				GCC_WARN_UNINITIALIZED_AUTOS = YES_AGGRESSIVE;
				GCC_WARN_UNUSED_FUNCTION = YES;
				GCC_WARN_UNUSED_VARIABLE = YES;
				IPHONEOS_DEPLOYMENT_TARGET = 8.1;
				MTL_ENABLE_DEBUG_INFO = NO;
				SDKROOT = iphoneos;
				SWIFT_OBJC_BRIDGING_HEADER = "CNodeJS/Macro/CNodeJS-Bridging-Header.h";
				TARGETED_DEVICE_FAMILY = "1,2";
				VALIDATE_PRODUCT = YES;
			};
			name = Release;
		};
		96C8CCF419F4B515000EB59E /* Debug */ = {
			isa = XCBuildConfiguration;
			buildSettings = {
				ASSETCATALOG_COMPILER_APPICON_NAME = AppIcon;
				CODE_SIGN_IDENTITY = "iPhone Developer";
				FRAMEWORK_SEARCH_PATHS = (
					"$(inherited)",
					"$(PROJECT_DIR)/CNodeJS/Vendors",
				);
				HEADER_SEARCH_PATHS = (
					"$(inherited)",
					/Applications/Xcode.app/Contents/Developer/Toolchains/XcodeDefault.xctoolchain/usr/include,
					"$(CONFIGURATION_BUILD_DIR)/MMMarkdown-iOS/public/",
					/usr/include/libxml2,
				);
				INFOPLIST_FILE = CNodeJS/Info.plist;
				IPHONEOS_DEPLOYMENT_TARGET = 8.0;
				LD_RUNPATH_SEARCH_PATHS = "$(inherited) @executable_path/Frameworks";
				PRODUCT_NAME = "$(TARGET_NAME)";
				TARGETED_DEVICE_FAMILY = "1,2";
				VALID_ARCHS = "armv7 armv7s arm64";
			};
			name = Debug;
		};
		96C8CCF519F4B515000EB59E /* Release */ = {
			isa = XCBuildConfiguration;
			buildSettings = {
				ASSETCATALOG_COMPILER_APPICON_NAME = AppIcon;
				CODE_SIGN_IDENTITY = "iPhone Developer";
				FRAMEWORK_SEARCH_PATHS = (
					"$(inherited)",
					"$(PROJECT_DIR)/CNodeJS/Vendors",
				);
				HEADER_SEARCH_PATHS = (
					"$(inherited)",
					/Applications/Xcode.app/Contents/Developer/Toolchains/XcodeDefault.xctoolchain/usr/include,
					"$(CONFIGURATION_BUILD_DIR)/MMMarkdown-iOS/public/",
					/usr/include/libxml2,
				);
				INFOPLIST_FILE = CNodeJS/Info.plist;
				IPHONEOS_DEPLOYMENT_TARGET = 8.0;
				LD_RUNPATH_SEARCH_PATHS = "$(inherited) @executable_path/Frameworks";
				PRODUCT_NAME = "$(TARGET_NAME)";
				TARGETED_DEVICE_FAMILY = "1,2";
				VALID_ARCHS = "armv7 armv7s arm64";
			};
			name = Release;
		};
/* End XCBuildConfiguration section */

/* Begin XCConfigurationList section */
		96C8CCCF19F4B515000EB59E /* Build configuration list for PBXProject "CNodeJS" */ = {
			isa = XCConfigurationList;
			buildConfigurations = (
				96C8CCF119F4B515000EB59E /* Debug */,
				96C8CCF219F4B515000EB59E /* Release */,
			);
			defaultConfigurationIsVisible = 0;
			defaultConfigurationName = Release;
		};
		96C8CCF319F4B515000EB59E /* Build configuration list for PBXNativeTarget "CNodeJS" */ = {
			isa = XCConfigurationList;
			buildConfigurations = (
				96C8CCF419F4B515000EB59E /* Debug */,
				96C8CCF519F4B515000EB59E /* Release */,
			);
			defaultConfigurationIsVisible = 0;
			defaultConfigurationName = Release;
		};
/* End XCConfigurationList section */
	};
	rootObject = 96C8CCCC19F4B515000EB59E /* Project object */;
}
