// !$*UTF8*$!
{
	archiveVersion = 1;
	classes = {
	};
	objectVersion = 46;
	objects = {

/* Begin PBXBuildFile section */
		96C8CCDA19F4B515000EB59E /* AppDelegate.swift in Sources */ = {isa = PBXBuildFile; fileRef = 96C8CCD919F4B515000EB59E /* AppDelegate.swift */; };
		96C8CCDF19F4B515000EB59E /* Main.storyboard in Resources */ = {isa = PBXBuildFile; fileRef = 96C8CCDD19F4B515000EB59E /* Main.storyboard */; };
		96C8CCE119F4B515000EB59E /* Images.xcassets in Resources */ = {isa = PBXBuildFile; fileRef = 96C8CCE019F4B515000EB59E /* Images.xcassets */; };
		96C8CCE419F4B515000EB59E /* LaunchScreen.xib in Resources */ = {isa = PBXBuildFile; fileRef = 96C8CCE219F4B515000EB59E /* LaunchScreen.xib */; };
		96C8CCF019F4B515000EB59E /* CNodeJSTests.swift in Sources */ = {isa = PBXBuildFile; fileRef = 96C8CCEF19F4B515000EB59E /* CNodeJSTests.swift */; };
/* End PBXBuildFile section */

/* Begin PBXContainerItemProxy section */
		96C8CCEA19F4B515000EB59E /* PBXContainerItemProxy */ = {
			isa = PBXContainerItemProxy;
			containerPortal = 96C8CCCC19F4B515000EB59E /* Project object */;
			proxyType = 1;
			remoteGlobalIDString = 96C8CCD319F4B515000EB59E;
			remoteInfo = CNodeJS;
		};
/* End PBXContainerItemProxy section */

/* Begin PBXFileReference section */
		96C8CCD419F4B515000EB59E /* CNodeJS.app */ = {isa = PBXFileReference; explicitFileType = wrapper.application; includeInIndex = 0; path = CNodeJS.app; sourceTree = BUILT_PRODUCTS_DIR; };
		96C8CCD819F4B515000EB59E /* Info.plist */ = {isa = PBXFileReference; lastKnownFileType = text.plist.xml; path = Info.plist; sourceTree = "<group>"; };
		96C8CCD919F4B515000EB59E /* AppDelegate.swift */ = {isa = PBXFileReference; lastKnownFileType = sourcecode.swift; path = AppDelegate.swift; sourceTree = "<group>"; };
		96C8CCDE19F4B515000EB59E /* Base */ = {isa = PBXFileReference; lastKnownFileType = file.storyboard; name = Base; path = Base.lproj/Main.storyboard; sourceTree = "<group>"; };
		96C8CCE019F4B515000EB59E /* Images.xcassets */ = {isa = PBXFileReference; lastKnownFileType = folder.assetcatalog; path = Images.xcassets; sourceTree = "<group>"; };
		96C8CCE319F4B515000EB59E /* Base */ = {isa = PBXFileReference; lastKnownFileType = file.xib; name = Base; path = Base.lproj/LaunchScreen.xib; sourceTree = "<group>"; };
		96C8CCE919F4B515000EB59E /* CNodeJSTests.xctest */ = {isa = PBXFileReference; explicitFileType = wrapper.cfbundle; includeInIndex = 0; path = CNodeJSTests.xctest; sourceTree = BUILT_PRODUCTS_DIR; };
		96C8CCEE19F4B515000EB59E /* Info.plist */ = {isa = PBXFileReference; lastKnownFileType = text.plist.xml; path = Info.plist; sourceTree = "<group>"; };
		96C8CCEF19F4B515000EB59E /* CNodeJSTests.swift */ = {isa = PBXFileReference; lastKnownFileType = sourcecode.swift; path = CNodeJSTests.swift; sourceTree = "<group>"; };
/* End PBXFileReference section */

/* Begin PBXFrameworksBuildPhase section */
		96C8CCD119F4B515000EB59E /* Frameworks */ = {
			isa = PBXFrameworksBuildPhase;
			buildActionMask = 2147483647;
			files = (
			);
			runOnlyForDeploymentPostprocessing = 0;
		};
		96C8CCE619F4B515000EB59E /* Frameworks */ = {
			isa = PBXFrameworksBuildPhase;
			buildActionMask = 2147483647;
			files = (
			);
			runOnlyForDeploymentPostprocessing = 0;
		};
/* End PBXFrameworksBuildPhase section */

/* Begin PBXGroup section */
		96C8CCCB19F4B515000EB59E = {
			isa = PBXGroup;
			children = (
				96C8CCD619F4B515000EB59E /* CNodeJS */,
				96C8CCEC19F4B515000EB59E /* CNodeJSTests */,
				96C8CCD519F4B515000EB59E /* Products */,
			);
			sourceTree = "<group>";
		};
		96C8CCD519F4B515000EB59E /* Products */ = {
			isa = PBXGroup;
			children = (
				96C8CCD419F4B515000EB59E /* CNodeJS.app */,
				96C8CCE919F4B515000EB59E /* CNodeJSTests.xctest */,
			);
			name = Products;
			sourceTree = "<group>";
		};
		96C8CCD619F4B515000EB59E /* CNodeJS */ = {
			isa = PBXGroup;
			children = (
				96C8CCD919F4B515000EB59E /* AppDelegate.swift */,
				96C8CCDD19F4B515000EB59E /* Main.storyboard */,
				96C8CCF919F4B5B0000EB59E /* General */,
				96C8CCFB19F4B5B0000EB59E /* Models */,
				96C8CCFC19F4B5B0000EB59E /* Sections */,
				96C8CCFD19F4B5B0000EB59E /* Tools */,
				96C8CCFE19F4B5B0000EB59E /* Vendors */,
				96C8CCE019F4B515000EB59E /* Images.xcassets */,
				96C8CCE219F4B515000EB59E /* LaunchScreen.xib */,
				96C8CCD719F4B515000EB59E /* Supporting Files */,
			);
			path = CNodeJS;
			sourceTree = "<group>";
		};
		96C8CCD719F4B515000EB59E /* Supporting Files */ = {
			isa = PBXGroup;
			children = (
				96C8CCD819F4B515000EB59E /* Info.plist */,
			);
			name = "Supporting Files";
			sourceTree = "<group>";
		};
		96C8CCEC19F4B515000EB59E /* CNodeJSTests */ = {
			isa = PBXGroup;
			children = (
				96C8CCEF19F4B515000EB59E /* CNodeJSTests.swift */,
				96C8CCED19F4B515000EB59E /* Supporting Files */,
			);
			path = CNodeJSTests;
			sourceTree = "<group>";
		};
		96C8CCED19F4B515000EB59E /* Supporting Files */ = {
			isa = PBXGroup;
			children = (
				96C8CCEE19F4B515000EB59E /* Info.plist */,
			);
			name = "Supporting Files";
			sourceTree = "<group>";
		};
		96C8CCF919F4B5B0000EB59E /* General */ = {
			isa = PBXGroup;
			children = (
				96C8CCFA19F4B5B0000EB59E /* View */,
			);
			path = General;
			sourceTree = "<group>";
		};
		96C8CCFA19F4B5B0000EB59E /* View */ = {
			isa = PBXGroup;
			children = (
			);
			path = View;
			sourceTree = "<group>";
		};
		96C8CCFB19F4B5B0000EB59E /* Models */ = {
			isa = PBXGroup;
			children = (
			);
			path = Models;
			sourceTree = "<group>";
		};
		96C8CCFC19F4B5B0000EB59E /* Sections */ = {
			isa = PBXGroup;
			children = (
			);
			path = Sections;
			sourceTree = "<group>";
		};
		96C8CCFD19F4B5B0000EB59E /* Tools */ = {
			isa = PBXGroup;
			children = (
			);
			path = Tools;
			sourceTree = "<group>";
		};
		96C8CCFE19F4B5B0000EB59E /* Vendors */ = {
			isa = PBXGroup;
			children = (
			);
			path = Vendors;
			sourceTree = "<group>";
		};
/* End PBXGroup section */

/* Begin PBXNativeTarget section */
		96C8CCD319F4B515000EB59E /* CNodeJS */ = {
			isa = PBXNativeTarget;
			buildConfigurationList = 96C8CCF319F4B515000EB59E /* Build configuration list for PBXNativeTarget "CNodeJS" */;
			buildPhases = (
				96C8CCD019F4B515000EB59E /* Sources */,
				96C8CCD119F4B515000EB59E /* Frameworks */,
				96C8CCD219F4B515000EB59E /* Resources */,
			);
			buildRules = (
			);
			dependencies = (
			);
			name = CNodeJS;
			productName = CNodeJS;
			productReference = 96C8CCD419F4B515000EB59E /* CNodeJS.app */;
			productType = "com.apple.product-type.application";
		};
		96C8CCE819F4B515000EB59E /* CNodeJSTests */ = {
			isa = PBXNativeTarget;
			buildConfigurationList = 96C8CCF619F4B515000EB59E /* Build configuration list for PBXNativeTarget "CNodeJSTests" */;
			buildPhases = (
				96C8CCE519F4B515000EB59E /* Sources */,
				96C8CCE619F4B515000EB59E /* Frameworks */,
				96C8CCE719F4B515000EB59E /* Resources */,
			);
			buildRules = (
			);
			dependencies = (
				96C8CCEB19F4B515000EB59E /* PBXTargetDependency */,
			);
			name = CNodeJSTests;
			productName = CNodeJSTests;
			productReference = 96C8CCE919F4B515000EB59E /* CNodeJSTests.xctest */;
			productType = "com.apple.product-type.bundle.unit-test";
		};
/* End PBXNativeTarget section */

/* Begin PBXProject section */
		96C8CCCC19F4B515000EB59E /* Project object */ = {
			isa = PBXProject;
			attributes = {
				LastUpgradeCheck = 0610;
				ORGANIZATIONNAME = why;
				TargetAttributes = {
					96C8CCD319F4B515000EB59E = {
						CreatedOnToolsVersion = 6.1;
					};
					96C8CCE819F4B515000EB59E = {
						CreatedOnToolsVersion = 6.1;
						TestTargetID = 96C8CCD319F4B515000EB59E;
					};
				};
			};
			buildConfigurationList = 96C8CCCF19F4B515000EB59E /* Build configuration list for PBXProject "CNodeJS" */;
			compatibilityVersion = "Xcode 3.2";
			developmentRegion = English;
			hasScannedForEncodings = 0;
			knownRegions = (
				en,
				Base,
			);
			mainGroup = 96C8CCCB19F4B515000EB59E;
			productRefGroup = 96C8CCD519F4B515000EB59E /* Products */;
			projectDirPath = "";
			projectRoot = "";
			targets = (
				96C8CCD319F4B515000EB59E /* CNodeJS */,
				96C8CCE819F4B515000EB59E /* CNodeJSTests */,
			);
		};
/* End PBXProject section */

/* Begin PBXResourcesBuildPhase section */
		96C8CCD219F4B515000EB59E /* Resources */ = {
			isa = PBXResourcesBuildPhase;
			buildActionMask = 2147483647;
			files = (
				96C8CCDF19F4B515000EB59E /* Main.storyboard in Resources */,
				96C8CCE419F4B515000EB59E /* LaunchScreen.xib in Resources */,
				96C8CCE119F4B515000EB59E /* Images.xcassets in Resources */,
			);
			runOnlyForDeploymentPostprocessing = 0;
		};
		96C8CCE719F4B515000EB59E /* Resources */ = {
			isa = PBXResourcesBuildPhase;
			buildActionMask = 2147483647;
			files = (
			);
			runOnlyForDeploymentPostprocessing = 0;
		};
/* End PBXResourcesBuildPhase section */

/* Begin PBXSourcesBuildPhase section */
		96C8CCD019F4B515000EB59E /* Sources */ = {
			isa = PBXSourcesBuildPhase;
			buildActionMask = 2147483647;
			files = (
				96C8CCDA19F4B515000EB59E /* AppDelegate.swift in Sources */,
			);
			runOnlyForDeploymentPostprocessing = 0;
		};
		96C8CCE519F4B515000EB59E /* Sources */ = {
			isa = PBXSourcesBuildPhase;
			buildActionMask = 2147483647;
			files = (
				96C8CCF019F4B515000EB59E /* CNodeJSTests.swift in Sources */,
			);
			runOnlyForDeploymentPostprocessing = 0;
		};
/* End PBXSourcesBuildPhase section */

/* Begin PBXTargetDependency section */
		96C8CCEB19F4B515000EB59E /* PBXTargetDependency */ = {
			isa = PBXTargetDependency;
			target = 96C8CCD319F4B515000EB59E /* CNodeJS */;
			targetProxy = 96C8CCEA19F4B515000EB59E /* PBXContainerItemProxy */;
		};
/* End PBXTargetDependency section */

/* Begin PBXVariantGroup section */
		96C8CCDD19F4B515000EB59E /* Main.storyboard */ = {
			isa = PBXVariantGroup;
			children = (
				96C8CCDE19F4B515000EB59E /* Base */,
			);
			name = Main.storyboard;
			sourceTree = "<group>";
		};
		96C8CCE219F4B515000EB59E /* LaunchScreen.xib */ = {
			isa = PBXVariantGroup;
			children = (
				96C8CCE319F4B515000EB59E /* Base */,
			);
			name = LaunchScreen.xib;
			sourceTree = "<group>";
		};
/* End PBXVariantGroup section */

/* Begin XCBuildConfiguration section */
		96C8CCF119F4B515000EB59E /* Debug */ = {
			isa = XCBuildConfiguration;
			buildSettings = {
				ALWAYS_SEARCH_USER_PATHS = NO;
				CLANG_CXX_LANGUAGE_STANDARD = "gnu++0x";
				CLANG_CXX_LIBRARY = "libc++";
				CLANG_ENABLE_MODULES = YES;
				CLANG_ENABLE_OBJC_ARC = YES;
				CLANG_WARN_BOOL_CONVERSION = YES;
				CLANG_WARN_CONSTANT_CONVERSION = YES;
				CLANG_WARN_DIRECT_OBJC_ISA_USAGE = YES_ERROR;
				CLANG_WARN_EMPTY_BODY = YES;
				CLANG_WARN_ENUM_CONVERSION = YES;
				CLANG_WARN_INT_CONVERSION = YES;
				CLANG_WARN_OBJC_ROOT_CLASS = YES_ERROR;
				CLANG_WARN_UNREACHABLE_CODE = YES;
				CLANG_WARN__DUPLICATE_METHOD_MATCH = YES;
				"CODE_SIGN_IDENTITY[sdk=iphoneos*]" = "iPhone Developer";
				COPY_PHASE_STRIP = NO;
				ENABLE_STRICT_OBJC_MSGSEND = YES;
				GCC_C_LANGUAGE_STANDARD = gnu99;
				GCC_DYNAMIC_NO_PIC = NO;
				GCC_OPTIMIZATION_LEVEL = 0;
				GCC_PREPROCESSOR_DEFINITIONS = (
					"DEBUG=1",
					"$(inherited)",
				);
				GCC_SYMBOLS_PRIVATE_EXTERN = NO;
				GCC_WARN_64_TO_32_BIT_CONVERSION = YES;
				GCC_WARN_ABOUT_RETURN_TYPE = YES_ERROR;
				GCC_WARN_UNDECLARED_SELECTOR = YES;
				GCC_WARN_UNINITIALIZED_AUTOS = YES_AGGRESSIVE;
				GCC_WARN_UNUSED_FUNCTION = YES;
				GCC_WARN_UNUSED_VARIABLE = YES;
				IPHONEOS_DEPLOYMENT_TARGET = 8.1;
				MTL_ENABLE_DEBUG_INFO = YES;
				ONLY_ACTIVE_ARCH = YES;
				SDKROOT = iphoneos;
				SWIFT_OPTIMIZATION_LEVEL = "-Onone";
				TARGETED_DEVICE_FAMILY = "1,2";
			};
			name = Debug;
		};
		96C8CCF219F4B515000EB59E /* Release */ = {
			isa = XCBuildConfiguration;
			buildSettings = {
				ALWAYS_SEARCH_USER_PATHS = NO;
				CLANG_CXX_LANGUAGE_STANDARD = "gnu++0x";
				CLANG_CXX_LIBRARY = "libc++";
				CLANG_ENABLE_MODULES = YES;
				CLANG_ENABLE_OBJC_ARC = YES;
				CLANG_WARN_BOOL_CONVERSION = YES;
				CLANG_WARN_CONSTANT_CONVERSION = YES;
				CLANG_WARN_DIRECT_OBJC_ISA_USAGE = YES_ERROR;
				CLANG_WARN_EMPTY_BODY = YES;
				CLANG_WARN_ENUM_CONVERSION = YES;
				CLANG_WARN_INT_CONVERSION = YES;
				CLANG_WARN_OBJC_ROOT_CLASS = YES_ERROR;
				CLANG_WARN_UNREACHABLE_CODE = YES;
				CLANG_WARN__DUPLICATE_METHOD_MATCH = YES;
				"CODE_SIGN_IDENTITY[sdk=iphoneos*]" = "iPhone Developer";
				COPY_PHASE_STRIP = YES;
				ENABLE_NS_ASSERTIONS = NO;
				ENABLE_STRICT_OBJC_MSGSEND = YES;
				GCC_C_LANGUAGE_STANDARD = gnu99;
				GCC_WARN_64_TO_32_BIT_CONVERSION = YES;
				GCC_WARN_ABOUT_RETURN_TYPE = YES_ERROR;
				GCC_WARN_UNDECLARED_SELECTOR = YES;
				GCC_WARN_UNINITIALIZED_AUTOS = YES_AGGRESSIVE;
				GCC_WARN_UNUSED_FUNCTION = YES;
				GCC_WARN_UNUSED_VARIABLE = YES;
				IPHONEOS_DEPLOYMENT_TARGET = 8.1;
				MTL_ENABLE_DEBUG_INFO = NO;
				SDKROOT = iphoneos;
				TARGETED_DEVICE_FAMILY = "1,2";
				VALIDATE_PRODUCT = YES;
			};
			name = Release;
		};
		96C8CCF419F4B515000EB59E /* Debug */ = {
			isa = XCBuildConfiguration;
			buildSettings = {
				ASSETCATALOG_COMPILER_APPICON_NAME = AppIcon;
				INFOPLIST_FILE = CNodeJS/Info.plist;
				LD_RUNPATH_SEARCH_PATHS = "$(inherited) @executable_path/Frameworks";
				PRODUCT_NAME = "$(TARGET_NAME)";
			};
			name = Debug;
		};
		96C8CCF519F4B515000EB59E /* Release */ = {
			isa = XCBuildConfiguration;
			buildSettings = {
				ASSETCATALOG_COMPILER_APPICON_NAME = AppIcon;
				INFOPLIST_FILE = CNodeJS/Info.plist;
				LD_RUNPATH_SEARCH_PATHS = "$(inherited) @executable_path/Frameworks";
				PRODUCT_NAME = "$(TARGET_NAME)";
			};
			name = Release;
		};
		96C8CCF719F4B515000EB59E /* Debug */ = {
			isa = XCBuildConfiguration;
			buildSettings = {
				BUNDLE_LOADER = "$(TEST_HOST)";
				FRAMEWORK_SEARCH_PATHS = (
					"$(SDKROOT)/Developer/Library/Frameworks",
					"$(inherited)",
				);
				GCC_PREPROCESSOR_DEFINITIONS = (
					"DEBUG=1",
					"$(inherited)",
				);
				INFOPLIST_FILE = CNodeJSTests/Info.plist;
				LD_RUNPATH_SEARCH_PATHS = "$(inherited) @executable_path/Frameworks @loader_path/Frameworks";
				PRODUCT_NAME = "$(TARGET_NAME)";
				TEST_HOST = "$(BUILT_PRODUCTS_DIR)/CNodeJS.app/CNodeJS";
			};
			name = Debug;
		};
		96C8CCF819F4B515000EB59E /* Release */ = {
			isa = XCBuildConfiguration;
			buildSettings = {
				BUNDLE_LOADER = "$(TEST_HOST)";
				FRAMEWORK_SEARCH_PATHS = (
					"$(SDKROOT)/Developer/Library/Frameworks",
					"$(inherited)",
				);
				INFOPLIST_FILE = CNodeJSTests/Info.plist;
				LD_RUNPATH_SEARCH_PATHS = "$(inherited) @executable_path/Frameworks @loader_path/Frameworks";
				PRODUCT_NAME = "$(TARGET_NAME)";
				TEST_HOST = "$(BUILT_PRODUCTS_DIR)/CNodeJS.app/CNodeJS";
			};
			name = Release;
		};
/* End XCBuildConfiguration section */

/* Begin XCConfigurationList section */
		96C8CCCF19F4B515000EB59E /* Build configuration list for PBXProject "CNodeJS" */ = {
			isa = XCConfigurationList;
			buildConfigurations = (
				96C8CCF119F4B515000EB59E /* Debug */,
				96C8CCF219F4B515000EB59E /* Release */,
			);
			defaultConfigurationIsVisible = 0;
			defaultConfigurationName = Release;
		};
		96C8CCF319F4B515000EB59E /* Build configuration list for PBXNativeTarget "CNodeJS" */ = {
			isa = XCConfigurationList;
			buildConfigurations = (
				96C8CCF419F4B515000EB59E /* Debug */,
				96C8CCF519F4B515000EB59E /* Release */,
			);
			defaultConfigurationIsVisible = 0;
		};
		96C8CCF619F4B515000EB59E /* Build configuration list for PBXNativeTarget "CNodeJSTests" */ = {
			isa = XCConfigurationList;
			buildConfigurations = (
				96C8CCF719F4B515000EB59E /* Debug */,
				96C8CCF819F4B515000EB59E /* Release */,
			);
			defaultConfigurationIsVisible = 0;
		};
/* End XCConfigurationList section */
	};
	rootObject = 96C8CCCC19F4B515000EB59E /* Project object */;
}
